{
  "version": 4,
  "terraform_version": "1.7.4",
  "serial": 365,
  "lineage": "c5c248cb-ee2e-9b4b-7234-4faf7ebaeb31",
  "outputs": {
    "rule": {
      "value": "labs-dynatrace-ssh",
      "type": "string"
    },
    "servers": {
      "value": {
        "dynatrace": {
          "additional_service_account_roles": [],
          "additional_ssh_allow_cidr": [],
          "instance_config": {
            "additional_disk_name": "disk-0",
            "additional_disk_size": 500,
            "additional_disk_type": "pd-standard",
            "allow_stopping_for_update": true,
            "automatic_restart": true,
            "count": 2,
            "deletion_protection": false,
            "gce_user": "centos",
            "machine_type": "e2-standard-4",
            "os_type": "linux",
            "root_disk_size": 500,
            "root_disk_type": "pd-ssd",
            "source_image": "centos-stream-8-v20221102"
          },
          "labels": {
            "application": "dynatrace",
            "owner": "sniper"
          },
          "name": "dynatrace",
          "tags": [
            "dynatrace"
          ]
        }
      },
      "type": [
        "object",
        {
          "dynatrace": [
            "object",
            {
              "additional_service_account_roles": [
                "tuple",
                []
              ],
              "additional_ssh_allow_cidr": [
                "tuple",
                []
              ],
              "instance_config": [
                "object",
                {
                  "additional_disk_name": "string",
                  "additional_disk_size": "number",
                  "additional_disk_type": "string",
                  "allow_stopping_for_update": "bool",
                  "automatic_restart": "bool",
                  "count": "number",
                  "deletion_protection": "bool",
                  "gce_user": "string",
                  "machine_type": "string",
                  "os_type": "string",
                  "root_disk_size": "number",
                  "root_disk_type": "string",
                  "source_image": "string"
                }
              ],
              "labels": [
                "object",
                {
                  "application": "string",
                  "owner": "string"
                }
              ],
              "name": "string",
              "tags": [
                "tuple",
                [
                  "string"
                ]
              ]
            }
          ]
        }
      ]
    }
  },
  "resources": [
    {
      "mode": "data",
      "type": "google_compute_zones",
      "name": "available",
      "provider": "provider[\"registry.terraform.io/hashicorp/google\"]",
      "instances": [
        {
          "schema_version": 0,
          "attributes": {
            "id": "projects/proven-answer-414613/regions/us-east4",
            "names": [
              "us-east4-a",
              "us-east4-b",
              "us-east4-c"
            ],
            "project": "proven-answer-414613",
            "region": "us-east4",
            "status": null
          },
          "sensitive_attributes": []
        }
      ]
    },
    {
      "mode": "managed",
      "type": "google_compute_firewall",
      "name": "rule",
      "provider": "provider[\"registry.terraform.io/hashicorp/google\"]",
      "instances": [
        {
          "index_key": "dynatrace",
          "schema_version": 1,
          "attributes": {
            "allow": [
              {
                "ports": [
                  "22"
                ],
                "protocol": "tcp"
              }
            ],
            "creation_timestamp": "2024-03-21T01:33:42.233-07:00",
            "deny": [],
            "description": "",
            "destination_ranges": [],
            "direction": "INGRESS",
            "disabled": false,
            "enable_logging": null,
            "id": "projects/proven-answer-414613/global/firewalls/labs-dynatrace-ssh",
            "log_config": [],
            "name": "labs-dynatrace-ssh",
            "network": "https://www.googleapis.com/compute/v1/projects/proven-answer-414613/global/networks/default",
            "priority": 1,
            "project": "proven-answer-414613",
            "self_link": "https://www.googleapis.com/compute/v1/projects/proven-answer-414613/global/firewalls/labs-dynatrace-ssh",
            "source_ranges": [
              "192.168.5.0/24"
            ],
            "source_service_accounts": null,
            "source_tags": null,
            "target_service_accounts": null,
            "target_tags": [
              "dynatrace"
            ],
            "timeouts": null
          },
          "sensitive_attributes": [],
          "private": "eyJlMmJmYjczMC1lY2FhLTExZTYtOGY4OC0zNDM2M2JjN2M0YzAiOnsiY3JlYXRlIjoxMjAwMDAwMDAwMDAwLCJkZWxldGUiOjEyMDAwMDAwMDAwMDAsInVwZGF0ZSI6MTIwMDAwMDAwMDAwMH0sInNjaGVtYV92ZXJzaW9uIjoiMSJ9"
        }
      ]
    },
    {
      "mode": "managed",
      "type": "local_sensitive_file",
      "name": "ssh_key",
      "provider": "provider[\"registry.terraform.io/hashicorp/local\"]",
      "instances": [
        {
          "index_key": "dynatrace",
          "schema_version": 0,
          "attributes": {
            "content": "-----BEGIN RSA PRIVATE KEY-----\nMIIJKQIBAAKCAgEA3Ul0SMxNFpTWyHPbi3QaOgDCNX6WHOfmLUIO7aj/WwtVHX/J\nJHEOFxJXLXi8uM2bBkzUH/FFgwyzE9tD5CSgtZafV968N/6kOsXJq+vjvKVj3Dew\n/KVnIvlxqfCr15LwFNnhtSoU1tCAKNQ1QOGLbMAsLhGGgM87iMXnaa+CZek218ji\n1nDvvT4p0x/1Ml5kFt2HlRQEsPOqJBBuqX5YiSnbp6bvEJZStH7TyeZNmhHkIlpM\n604rlS1cYuyMyGSoLPyUP2dSPtPBp1cKcgt7H42A6FSAbvIMmzEGOs5KKWjJ/hu1\n0Zy9FAt2MhHVk7bFj5m7emztJ+aRNFWTyP9KKvNcC7wWwGmvFkLsSdDzGaoFmsqC\nsAYbb+i8T1fQ4aeIDlEJaGWK3DnFaXuydhbJyT80IPzfOiL7ShforgqJnCuEo9Y3\nkXtxl5A1gA3UWoJ+iCcwvqgoOtWITX6/yl4/wiJMCg6XQUs1w90lixIj9xWWbhR+\nip1rR623hjneZP0Dzq9YEcmPej3lRVIQAsqgToa0zJLIumwaUM9IYp8BmR+kVQPO\nnKtcHvi1dodljNvgNbWYpD3WVpKdHouagSbgV5CPN8OQxQw1OWzLEIErII0cF3h2\ndjZbK6D1jSpp3HexZPUKGD6OxLFqbcSsufMersiD8QYPAKDdKJWYBzFrV1MCAwEA\nAQKCAgA617R/Qyxgi9WNWhmQPKBYuijqdq3OI/A2KrGzitPUTvAkNv2yngmEIxFh\nexCcB7hodXeWwt6cGX1pE047VW4Su2nFwOnF7gWXx054U/KsEEK8pWZ/2C/Twgby\njJf1bBJBSSrWtMjz0l+x+7Ppe9BKa9OTsH9Ws0R+ezmtBcmj9d7qhHWlVkS5ytTu\nWjomWak910ydXMRelXyxuFjk4z8BwkqxixdZDtARRQRmVMJf7NAAPojjrVazhWti\ntso8419BDy0QqxXYtRBywhd5+gmUe1lC7m10kxK9Fc01R/O6jS3hT1cK1SYGNYIJ\nkGp9rAVeyR9sT5jEmnAUPYld0lzTDkgoSbVm7eA5RSqvYXNR74kcS0vyKCPLaPyq\n/ZYP4HrQcPpEpT5xs5oCV3p7SqX5Sb8uAsBgdLDGTmZsaJhCMskEhc+/EnEgOriy\nCc2/12HXhSh2DIEKBVCKO71y0/pcImIIL3hbO9ViHiJp9twH1yzr/C+3+3lPAMdS\nMeMN9tDyRqaaVFlVCFzcOETYT+uwyDX8M2NrxW+5WAt3dh/9tnSNShT365PbiyhA\nhxIvnAvz7CFkEDQKoqpMSjg/zwBXFd4ifu+U7VUnfc0SmWzg0q50yG+B9U1mdrMC\njoQ3BDb9gKJxxW1dPx97Qf2mu5AvWWuQlstAy16xbA3ZOCNLYQKCAQEA4v4sBlkn\nXh4F+7O3ZU5jx0ak5MLdWTih8p+Ljy8bcO+3Bj5f/zSV8dvD/9y2eQ6QE7HwKm6V\nraLb0+qN+eaFhvkPFP3kg3V83Lih8vKqyKpeUnxirD+giZs4+XSn+9nR3cU4GYiW\nNg07WFEnxJd0QJDbzd38tma80z89u0+cYhQZLthVd54Qu8AwvknWlCA1Ok58aT0B\nPR6E6STU8ImE24la4t9F1WD/nvc8aRsgr40+TmGvLmtaSljczdBc2IcTj8uvaORL\nyXESl22E9+DLcmSCZabc6/QJQL08tMEa9ZJ6Cteu9qK5T4cw+peFMCFQ2rrmWGZj\ntIHeCwzP3PCvowKCAQEA+ZCeceSLwvATTG/A8PVLF7eD6bZIVvr9mpBnUnOJ3AHf\nv81QtdoSmfHurRPy3fsYgPte7zn2uHXAcCO/r0NQTL2nfKJqfo46o5vwripGMSx6\n7vwlQ8ynqL42JEHMRCYnUHeQUM1YzVDfUEa3sSztuiSQinggF8xnzVjY6D9fWray\nQuvAGJlL/HvFdLB/I/n4XYCHSa2UxP0x+21gj2/8yPxhwZgRGFpa36TggWhG6pBm\nWrlEoFxx5L5u1OOKR4BEEsj2aNVmz8XbuZQgbN+ImUffttVhfJfC2Ke0Ix7Lsly1\nET5KFOM0uiX0Akmb3dgOVJJK4eXnszw9aYRd3JZ0kQKCAQEA2BNdcxmQ6P2pcmUr\n8cqCHqK3um9oZ1MKjjujjMQp2gLGdbIQjY3QIm+xjrDaHjhnm+fpF2s3HheGLJ79\nUWJHvyj8W14oFZ9UIYO73dl0CxpqORjgkNjsh7Dztjp+4bYCGZpwAZZMbt1/nV17\nfp8xcXizU6+5rSP1IR31NIXe9lntcvNJwFj90strWuhM06opIPyvXzpMIJMZsBl4\nfhRaHOUOWCJzhmAUVI1Cu0awgYvxQImqSYS1aUpXva9XgmJqk5ovuqh/IB17thvx\n1EfvQlA89Gi3qgAegrrgu6uKbzNk60dO7MYPoo2taQ2tIhjEr8H0HTgyNxTceiZT\nBB01AwKCAQEA4oupiXISfS86FZUM7K9/L1Rj5vCV0n+dX4XehTZk2tbIqnBS6AHC\nCQVZyLvnKCMcJ1oI39kaYnBh9Go/Q3YzmrY/KCC305KBIKwaW7/8X/8kyXUSzu0k\n9UVWGKuyJdsMrTscQn1mM1tKnLDVZ3yFgQhYPZq2Z2QihoI0xP9iLBLU13LyumHO\nXLBumnLtt1bfYuGd7gAooHnHuZmcohjivAB/LSJBwn2jKImfU1m5pozWnVy5M2k3\n6pIEQjUb/bQuF29eX+P4pHvT7i7NEIgKlDpulqY1DMknE02JdKgr+Qm3RKPq0/M8\nlg6F5t2zJDtRJux2FYKCRm5UwUhrfCcIQQKCAQBSoWln/FGygiIOCX4W5D1t6/LJ\nbFCHNhSyDg+TwsXlHCXG4WzNixXHLW3YAT/BXHzlTbim2TgnVA39qwoCnqA0NM8/\nmnP/GdncRQB7YJH3BSwN9k4acATgRJbORjT02BQ61nCarMRwzcN3cA6n0f+jVFfB\n4W8jry/5Z1nIreYySUK+ix0fIYxpGwB7txDxGZehZzctUvJxe83s+5pXcgj9wHgO\nYyx5YksD9HXvkldS/cgG/s+/fUNAS9xqJEQ1BZK22mikKqO1mKh6qIFTKeo73XGP\nil7CnOZmPfJgf0XPF3094YyyIyXPpvYCwEWxgR9tlafKen4VZuEQOJ1+JCmj\n-----END RSA PRIVATE KEY-----\n",
            "content_base64": null,
            "content_base64sha256": "w24dfb2WnshiyVGRJOOraAYrXNW5Jm9fDbDD+42hQQ4=",
            "content_base64sha512": "xxas0v5nbOzzOmDLALUQkpRFTzWwX3UZc6WrWJDDFsBn9kONBM/rmhJCinSgLEoTLvrtL4ox9u5I/o6MWvp/JQ==",
            "content_md5": "c557ad3b51d7eff8a97b1707707e3bf5",
            "content_sha1": "23e2f3e1ae348701ab25326c2ad84b010d9762eb",
            "content_sha256": "c36e1d7dbd969ec862c9519124e3ab68062b5cd5b9266f5f0db0c3fb8da1410e",
            "content_sha512": "c716acd2fe676cecf33a60cb00b5109294454f35b05f751973a5ab5890c316c067f6438d04cfeb9a12428a74a02c4a132efaed2f8a31f6ee48fe8e8c5afa7f25",
            "directory_permission": "0700",
            "file_permission": "0600",
            "filename": "./dynatrace_ssh_key.pem",
            "id": "23e2f3e1ae348701ab25326c2ad84b010d9762eb",
            "source": null
          },
          "sensitive_attributes": [
            [
              {
                "type": "get_attr",
                "value": "content"
              }
            ]
          ],
          "dependencies": [
            "tls_private_key.private_key_pair"
          ]
        }
      ]
    },
    {
      "mode": "managed",
      "type": "tls_private_key",
      "name": "private_key_pair",
      "provider": "provider[\"registry.terraform.io/hashicorp/tls\"]",
      "instances": [
        {
          "index_key": "dynatrace",
          "schema_version": 1,
          "attributes": {
            "algorithm": "RSA",
            "ecdsa_curve": "P224",
            "id": "c1e7b9bec1a67714713b1e27b79a025d04edb9e8",
            "private_key_openssh": "-----BEGIN OPENSSH PRIVATE KEY-----\nb3BlbnNzaC1rZXktdjEAAAAABG5vbmUAAAAEbm9uZQAAAAAAAAABAAACFwAAAAdz\nc2gtcnNhAAAAAwEAAQAAAgEA3Ul0SMxNFpTWyHPbi3QaOgDCNX6WHOfmLUIO7aj/\nWwtVHX/JJHEOFxJXLXi8uM2bBkzUH/FFgwyzE9tD5CSgtZafV968N/6kOsXJq+vj\nvKVj3Dew/KVnIvlxqfCr15LwFNnhtSoU1tCAKNQ1QOGLbMAsLhGGgM87iMXnaa+C\nZek218ji1nDvvT4p0x/1Ml5kFt2HlRQEsPOqJBBuqX5YiSnbp6bvEJZStH7TyeZN\nmhHkIlpM604rlS1cYuyMyGSoLPyUP2dSPtPBp1cKcgt7H42A6FSAbvIMmzEGOs5K\nKWjJ/hu10Zy9FAt2MhHVk7bFj5m7emztJ+aRNFWTyP9KKvNcC7wWwGmvFkLsSdDz\nGaoFmsqCsAYbb+i8T1fQ4aeIDlEJaGWK3DnFaXuydhbJyT80IPzfOiL7ShforgqJ\nnCuEo9Y3kXtxl5A1gA3UWoJ+iCcwvqgoOtWITX6/yl4/wiJMCg6XQUs1w90lixIj\n9xWWbhR+ip1rR623hjneZP0Dzq9YEcmPej3lRVIQAsqgToa0zJLIumwaUM9IYp8B\nmR+kVQPOnKtcHvi1dodljNvgNbWYpD3WVpKdHouagSbgV5CPN8OQxQw1OWzLEIEr\nII0cF3h2djZbK6D1jSpp3HexZPUKGD6OxLFqbcSsufMersiD8QYPAKDdKJWYBzFr\nV1MAAAc46rDOeeqwznkAAAAHc3NoLXJzYQAAAgEA3Ul0SMxNFpTWyHPbi3QaOgDC\nNX6WHOfmLUIO7aj/WwtVHX/JJHEOFxJXLXi8uM2bBkzUH/FFgwyzE9tD5CSgtZaf\nV968N/6kOsXJq+vjvKVj3Dew/KVnIvlxqfCr15LwFNnhtSoU1tCAKNQ1QOGLbMAs\nLhGGgM87iMXnaa+CZek218ji1nDvvT4p0x/1Ml5kFt2HlRQEsPOqJBBuqX5YiSnb\np6bvEJZStH7TyeZNmhHkIlpM604rlS1cYuyMyGSoLPyUP2dSPtPBp1cKcgt7H42A\n6FSAbvIMmzEGOs5KKWjJ/hu10Zy9FAt2MhHVk7bFj5m7emztJ+aRNFWTyP9KKvNc\nC7wWwGmvFkLsSdDzGaoFmsqCsAYbb+i8T1fQ4aeIDlEJaGWK3DnFaXuydhbJyT80\nIPzfOiL7ShforgqJnCuEo9Y3kXtxl5A1gA3UWoJ+iCcwvqgoOtWITX6/yl4/wiJM\nCg6XQUs1w90lixIj9xWWbhR+ip1rR623hjneZP0Dzq9YEcmPej3lRVIQAsqgToa0\nzJLIumwaUM9IYp8BmR+kVQPOnKtcHvi1dodljNvgNbWYpD3WVpKdHouagSbgV5CP\nN8OQxQw1OWzLEIErII0cF3h2djZbK6D1jSpp3HexZPUKGD6OxLFqbcSsufMersiD\n8QYPAKDdKJWYBzFrV1MAAAADAQABAAACADrXtH9DLGCL1Y1aGZA8oFi6KOp2rc4j\n8DYqsbOK09RO8CQ2/bKeCYQjEWF7EJwHuGh1d5bC3pwZfWkTTjtVbhK7acXA6cXu\nBZfHTnhT8qwQQrylZn/YL9PCBvKMl/VsEkFJKta0yPPSX7H7s+l70Epr05Owf1az\nRH57Oa0FyaP13uqEdaVWRLnK1O5aOiZZqT3XTJ1cxF6VfLG4WOTjPwHCSrGLF1kO\n0BFFBGZUwl/s0AA+iOOtVrOFa2K2yjzjX0EPLRCrFdi1EHLCF3n6CZR7WULubXST\nEr0VzTVH87qNLeFPVwrVJgY1ggmQan2sBV7JH2xPmMSacBQ9iV3SXNMOSChJtWbt\n4DlFKq9hc1HviRxLS/IoI8to/Kr9lg/getBw+kSlPnGzmgJXentKpflJvy4CwGB0\nsMZOZmxomEIyyQSFz78ScSA6uLIJzb/XYdeFKHYMgQoFUIo7vXLT+lwiYggveFs7\n1WIeImn23AfXLOv8L7f7eU8Ax1Ix4w320PJGpppUWVUIXNw4RNhP67DINfwzY2vF\nb7lYC3d2H/22dI1KFPfrk9uLKECHEi+cC/PsIWQQNAqiqkxKOD/PAFcV3iJ+75Tt\nVSd9zRKZbODSrnTIb4H1TWZ2swKOhDcENv2AonHFbV0/H3tB/aa7kC9Za5CWy0DL\nXrFsDdk4I0thAAABAFKhaWf8UbKCIg4JfhbkPW3r8slsUIc2FLIOD5PCxeUcJcbh\nbM2LFcctbdgBP8FcfOVNuKbZOCdUDf2rCgKeoDQ0zz+ac/8Z2dxFAHtgkfcFLA32\nThpwBOBEls5GNPTYFDrWcJqsxHDNw3dwDqfR/6NUV8HhbyOvL/lnWcit5jJJQr6L\nHR8hjGkbAHu3EPEZl6FnNy1S8nF7zez7mldyCP3AeA5jLHliSwP0de+SV1L9yAb+\nz799Q0BL3GokRDUFkrbaaKQqo7WYqHqogVMp6jvdcY+KXsKc5mY98mB/Rc8XfT3h\njLIjJc+m9gLARbGBH22Vp8p6fhVm4RA4nX4kKaMAAAEBAOL+LAZZJ14eBfuzt2VO\nY8dGpOTC3Vk4ofKfi48vG3DvtwY+X/80lfHbw//ctnkOkBOx8Cpula2i29Pqjfnm\nhYb5DxT95IN1fNy4ofLyqsiqXlJ8Yqw/oImbOPl0p/vZ0d3FOBmIljYNO1hRJ8SX\ndECQ283d/LZmvNM/PbtPnGIUGS7YVXeeELvAML5J1pQgNTpOfGk9AT0ehOkk1PCJ\nhNuJWuLfRdVg/573PGkbIK+NPk5hry5rWkpY3M3QXNiHE4/Lr2jkS8lxEpdthPfg\ny3JkgmWm3Ov0CUC9PLTBGvWSegrXrvaiuU+HMPqXhTAhUNq65lhmY7SB3gsMz9zw\nr6MAAAEBAPmQnnHki8LwE0xvwPD1Sxe3g+m2SFb6/ZqQZ1JzidwB37/NULXaEpnx\n7q0T8t37GID7Xu859rh1wHAjv69DUEy9p3yian6OOqOb8K4qRjEseu78JUPMp6i+\nNiRBzEQmJ1B3kFDNWM1Q31BGt7Es7bokkIp4IBfMZ81Y2Og/X1q2skLrwBiZS/x7\nxXSwfyP5+F2Ah0mtlMT9MfttYI9v/Mj8YcGYERhaWt+k4IFoRuqQZlq5RKBcceS+\nbtTjikeARBLI9mjVZs/F27mUIGzfiJlH37bVYXyXwtintCMey7JctRE+ShTjNLol\n9AJJm93YDlSSSuHl57M8PWmEXdyWdJEAAAAAAQID\n-----END OPENSSH PRIVATE KEY-----\n",
            "private_key_pem": "-----BEGIN RSA PRIVATE KEY-----\nMIIJKQIBAAKCAgEA3Ul0SMxNFpTWyHPbi3QaOgDCNX6WHOfmLUIO7aj/WwtVHX/J\nJHEOFxJXLXi8uM2bBkzUH/FFgwyzE9tD5CSgtZafV968N/6kOsXJq+vjvKVj3Dew\n/KVnIvlxqfCr15LwFNnhtSoU1tCAKNQ1QOGLbMAsLhGGgM87iMXnaa+CZek218ji\n1nDvvT4p0x/1Ml5kFt2HlRQEsPOqJBBuqX5YiSnbp6bvEJZStH7TyeZNmhHkIlpM\n604rlS1cYuyMyGSoLPyUP2dSPtPBp1cKcgt7H42A6FSAbvIMmzEGOs5KKWjJ/hu1\n0Zy9FAt2MhHVk7bFj5m7emztJ+aRNFWTyP9KKvNcC7wWwGmvFkLsSdDzGaoFmsqC\nsAYbb+i8T1fQ4aeIDlEJaGWK3DnFaXuydhbJyT80IPzfOiL7ShforgqJnCuEo9Y3\nkXtxl5A1gA3UWoJ+iCcwvqgoOtWITX6/yl4/wiJMCg6XQUs1w90lixIj9xWWbhR+\nip1rR623hjneZP0Dzq9YEcmPej3lRVIQAsqgToa0zJLIumwaUM9IYp8BmR+kVQPO\nnKtcHvi1dodljNvgNbWYpD3WVpKdHouagSbgV5CPN8OQxQw1OWzLEIErII0cF3h2\ndjZbK6D1jSpp3HexZPUKGD6OxLFqbcSsufMersiD8QYPAKDdKJWYBzFrV1MCAwEA\nAQKCAgA617R/Qyxgi9WNWhmQPKBYuijqdq3OI/A2KrGzitPUTvAkNv2yngmEIxFh\nexCcB7hodXeWwt6cGX1pE047VW4Su2nFwOnF7gWXx054U/KsEEK8pWZ/2C/Twgby\njJf1bBJBSSrWtMjz0l+x+7Ppe9BKa9OTsH9Ws0R+ezmtBcmj9d7qhHWlVkS5ytTu\nWjomWak910ydXMRelXyxuFjk4z8BwkqxixdZDtARRQRmVMJf7NAAPojjrVazhWti\ntso8419BDy0QqxXYtRBywhd5+gmUe1lC7m10kxK9Fc01R/O6jS3hT1cK1SYGNYIJ\nkGp9rAVeyR9sT5jEmnAUPYld0lzTDkgoSbVm7eA5RSqvYXNR74kcS0vyKCPLaPyq\n/ZYP4HrQcPpEpT5xs5oCV3p7SqX5Sb8uAsBgdLDGTmZsaJhCMskEhc+/EnEgOriy\nCc2/12HXhSh2DIEKBVCKO71y0/pcImIIL3hbO9ViHiJp9twH1yzr/C+3+3lPAMdS\nMeMN9tDyRqaaVFlVCFzcOETYT+uwyDX8M2NrxW+5WAt3dh/9tnSNShT365PbiyhA\nhxIvnAvz7CFkEDQKoqpMSjg/zwBXFd4ifu+U7VUnfc0SmWzg0q50yG+B9U1mdrMC\njoQ3BDb9gKJxxW1dPx97Qf2mu5AvWWuQlstAy16xbA3ZOCNLYQKCAQEA4v4sBlkn\nXh4F+7O3ZU5jx0ak5MLdWTih8p+Ljy8bcO+3Bj5f/zSV8dvD/9y2eQ6QE7HwKm6V\nraLb0+qN+eaFhvkPFP3kg3V83Lih8vKqyKpeUnxirD+giZs4+XSn+9nR3cU4GYiW\nNg07WFEnxJd0QJDbzd38tma80z89u0+cYhQZLthVd54Qu8AwvknWlCA1Ok58aT0B\nPR6E6STU8ImE24la4t9F1WD/nvc8aRsgr40+TmGvLmtaSljczdBc2IcTj8uvaORL\nyXESl22E9+DLcmSCZabc6/QJQL08tMEa9ZJ6Cteu9qK5T4cw+peFMCFQ2rrmWGZj\ntIHeCwzP3PCvowKCAQEA+ZCeceSLwvATTG/A8PVLF7eD6bZIVvr9mpBnUnOJ3AHf\nv81QtdoSmfHurRPy3fsYgPte7zn2uHXAcCO/r0NQTL2nfKJqfo46o5vwripGMSx6\n7vwlQ8ynqL42JEHMRCYnUHeQUM1YzVDfUEa3sSztuiSQinggF8xnzVjY6D9fWray\nQuvAGJlL/HvFdLB/I/n4XYCHSa2UxP0x+21gj2/8yPxhwZgRGFpa36TggWhG6pBm\nWrlEoFxx5L5u1OOKR4BEEsj2aNVmz8XbuZQgbN+ImUffttVhfJfC2Ke0Ix7Lsly1\nET5KFOM0uiX0Akmb3dgOVJJK4eXnszw9aYRd3JZ0kQKCAQEA2BNdcxmQ6P2pcmUr\n8cqCHqK3um9oZ1MKjjujjMQp2gLGdbIQjY3QIm+xjrDaHjhnm+fpF2s3HheGLJ79\nUWJHvyj8W14oFZ9UIYO73dl0CxpqORjgkNjsh7Dztjp+4bYCGZpwAZZMbt1/nV17\nfp8xcXizU6+5rSP1IR31NIXe9lntcvNJwFj90strWuhM06opIPyvXzpMIJMZsBl4\nfhRaHOUOWCJzhmAUVI1Cu0awgYvxQImqSYS1aUpXva9XgmJqk5ovuqh/IB17thvx\n1EfvQlA89Gi3qgAegrrgu6uKbzNk60dO7MYPoo2taQ2tIhjEr8H0HTgyNxTceiZT\nBB01AwKCAQEA4oupiXISfS86FZUM7K9/L1Rj5vCV0n+dX4XehTZk2tbIqnBS6AHC\nCQVZyLvnKCMcJ1oI39kaYnBh9Go/Q3YzmrY/KCC305KBIKwaW7/8X/8kyXUSzu0k\n9UVWGKuyJdsMrTscQn1mM1tKnLDVZ3yFgQhYPZq2Z2QihoI0xP9iLBLU13LyumHO\nXLBumnLtt1bfYuGd7gAooHnHuZmcohjivAB/LSJBwn2jKImfU1m5pozWnVy5M2k3\n6pIEQjUb/bQuF29eX+P4pHvT7i7NEIgKlDpulqY1DMknE02JdKgr+Qm3RKPq0/M8\nlg6F5t2zJDtRJux2FYKCRm5UwUhrfCcIQQKCAQBSoWln/FGygiIOCX4W5D1t6/LJ\nbFCHNhSyDg+TwsXlHCXG4WzNixXHLW3YAT/BXHzlTbim2TgnVA39qwoCnqA0NM8/\nmnP/GdncRQB7YJH3BSwN9k4acATgRJbORjT02BQ61nCarMRwzcN3cA6n0f+jVFfB\n4W8jry/5Z1nIreYySUK+ix0fIYxpGwB7txDxGZehZzctUvJxe83s+5pXcgj9wHgO\nYyx5YksD9HXvkldS/cgG/s+/fUNAS9xqJEQ1BZK22mikKqO1mKh6qIFTKeo73XGP\nil7CnOZmPfJgf0XPF3094YyyIyXPpvYCwEWxgR9tlafKen4VZuEQOJ1+JCmj\n-----END RSA PRIVATE KEY-----\n",
            "private_key_pem_pkcs8": "-----BEGIN PRIVATE KEY-----\nMIIJQwIBADANBgkqhkiG9w0BAQEFAASCCS0wggkpAgEAAoICAQDdSXRIzE0WlNbI\nc9uLdBo6AMI1fpYc5+YtQg7tqP9bC1Udf8kkcQ4XElcteLy4zZsGTNQf8UWDDLMT\n20PkJKC1lp9X3rw3/qQ6xcmr6+O8pWPcN7D8pWci+XGp8KvXkvAU2eG1KhTW0IAo\n1DVA4YtswCwuEYaAzzuIxedpr4Jl6TbXyOLWcO+9PinTH/UyXmQW3YeVFASw86ok\nEG6pfliJKdunpu8QllK0ftPJ5k2aEeQiWkzrTiuVLVxi7IzIZKgs/JQ/Z1I+08Gn\nVwpyC3sfjYDoVIBu8gybMQY6zkopaMn+G7XRnL0UC3YyEdWTtsWPmbt6bO0n5pE0\nVZPI/0oq81wLvBbAaa8WQuxJ0PMZqgWayoKwBhtv6LxPV9Dhp4gOUQloZYrcOcVp\ne7J2FsnJPzQg/N86IvtKF+iuComcK4Sj1jeRe3GXkDWADdRagn6IJzC+qCg61YhN\nfr/KXj/CIkwKDpdBSzXD3SWLEiP3FZZuFH6KnWtHrbeGOd5k/QPOr1gRyY96PeVF\nUhACyqBOhrTMksi6bBpQz0hinwGZH6RVA86cq1we+LV2h2WM2+A1tZikPdZWkp0e\ni5qBJuBXkI83w5DFDDU5bMsQgSsgjRwXeHZ2NlsroPWNKmncd7Fk9QoYPo7EsWpt\nxKy58x6uyIPxBg8AoN0olZgHMWtXUwIDAQABAoICADrXtH9DLGCL1Y1aGZA8oFi6\nKOp2rc4j8DYqsbOK09RO8CQ2/bKeCYQjEWF7EJwHuGh1d5bC3pwZfWkTTjtVbhK7\nacXA6cXuBZfHTnhT8qwQQrylZn/YL9PCBvKMl/VsEkFJKta0yPPSX7H7s+l70Epr\n05Owf1azRH57Oa0FyaP13uqEdaVWRLnK1O5aOiZZqT3XTJ1cxF6VfLG4WOTjPwHC\nSrGLF1kO0BFFBGZUwl/s0AA+iOOtVrOFa2K2yjzjX0EPLRCrFdi1EHLCF3n6CZR7\nWULubXSTEr0VzTVH87qNLeFPVwrVJgY1ggmQan2sBV7JH2xPmMSacBQ9iV3SXNMO\nSChJtWbt4DlFKq9hc1HviRxLS/IoI8to/Kr9lg/getBw+kSlPnGzmgJXentKpflJ\nvy4CwGB0sMZOZmxomEIyyQSFz78ScSA6uLIJzb/XYdeFKHYMgQoFUIo7vXLT+lwi\nYggveFs71WIeImn23AfXLOv8L7f7eU8Ax1Ix4w320PJGpppUWVUIXNw4RNhP67DI\nNfwzY2vFb7lYC3d2H/22dI1KFPfrk9uLKECHEi+cC/PsIWQQNAqiqkxKOD/PAFcV\n3iJ+75TtVSd9zRKZbODSrnTIb4H1TWZ2swKOhDcENv2AonHFbV0/H3tB/aa7kC9Z\na5CWy0DLXrFsDdk4I0thAoIBAQDi/iwGWSdeHgX7s7dlTmPHRqTkwt1ZOKHyn4uP\nLxtw77cGPl//NJXx28P/3LZ5DpATsfAqbpWtotvT6o355oWG+Q8U/eSDdXzcuKHy\n8qrIql5SfGKsP6CJmzj5dKf72dHdxTgZiJY2DTtYUSfEl3RAkNvN3fy2ZrzTPz27\nT5xiFBku2FV3nhC7wDC+SdaUIDU6TnxpPQE9HoTpJNTwiYTbiVri30XVYP+e9zxp\nGyCvjT5OYa8ua1pKWNzN0FzYhxOPy69o5EvJcRKXbYT34MtyZIJlptzr9AlAvTy0\nwRr1knoK1672orlPhzD6l4UwIVDauuZYZmO0gd4LDM/c8K+jAoIBAQD5kJ5x5IvC\n8BNMb8Dw9UsXt4PptkhW+v2akGdSc4ncAd+/zVC12hKZ8e6tE/Ld+xiA+17vOfa4\ndcBwI7+vQ1BMvad8omp+jjqjm/CuKkYxLHru/CVDzKeovjYkQcxEJidQd5BQzVjN\nUN9QRrexLO26JJCKeCAXzGfNWNjoP19atrJC68AYmUv8e8V0sH8j+fhdgIdJrZTE\n/TH7bWCPb/zI/GHBmBEYWlrfpOCBaEbqkGZauUSgXHHkvm7U44pHgEQSyPZo1WbP\nxdu5lCBs34iZR9+21WF8l8LYp7QjHsuyXLURPkoU4zS6JfQCSZvd2A5Ukkrh5eez\nPD1phF3clnSRAoIBAQDYE11zGZDo/alyZSvxyoIeore6b2hnUwqOO6OMxCnaAsZ1\nshCNjdAib7GOsNoeOGeb5+kXazceF4Ysnv1RYke/KPxbXigVn1Qhg7vd2XQLGmo5\nGOCQ2OyHsPO2On7htgIZmnABlkxu3X+dXXt+nzFxeLNTr7mtI/UhHfU0hd72We1y\n80nAWP3Sy2ta6EzTqikg/K9fOkwgkxmwGXh+FFoc5Q5YInOGYBRUjUK7RrCBi/FA\niapJhLVpSle9r1eCYmqTmi+6qH8gHXu2G/HUR+9CUDz0aLeqAB6CuuC7q4pvM2Tr\nR07sxg+ija1pDa0iGMSvwfQdODI3FNx6JlMEHTUDAoIBAQDii6mJchJ9LzoVlQzs\nr38vVGPm8JXSf51fhd6FNmTa1siqcFLoAcIJBVnIu+coIxwnWgjf2RpicGH0aj9D\ndjOatj8oILfTkoEgrBpbv/xf/yTJdRLO7ST1RVYYq7Il2wytOxxCfWYzW0qcsNVn\nfIWBCFg9mrZnZCKGgjTE/2IsEtTXcvK6Yc5csG6acu23Vt9i4Z3uACigece5mZyi\nGOK8AH8tIkHCfaMoiZ9TWbmmjNadXLkzaTfqkgRCNRv9tC4Xb15f4/ike9PuLs0Q\niAqUOm6WpjUMyScTTYl0qCv5CbdEo+rT8zyWDoXm3bMkO1Em7HYVgoJGblTBSGt8\nJwhBAoIBAFKhaWf8UbKCIg4JfhbkPW3r8slsUIc2FLIOD5PCxeUcJcbhbM2LFcct\nbdgBP8FcfOVNuKbZOCdUDf2rCgKeoDQ0zz+ac/8Z2dxFAHtgkfcFLA32ThpwBOBE\nls5GNPTYFDrWcJqsxHDNw3dwDqfR/6NUV8HhbyOvL/lnWcit5jJJQr6LHR8hjGkb\nAHu3EPEZl6FnNy1S8nF7zez7mldyCP3AeA5jLHliSwP0de+SV1L9yAb+z799Q0BL\n3GokRDUFkrbaaKQqo7WYqHqogVMp6jvdcY+KXsKc5mY98mB/Rc8XfT3hjLIjJc+m\n9gLARbGBH22Vp8p6fhVm4RA4nX4kKaM=\n-----END PRIVATE KEY-----\n",
            "public_key_fingerprint_md5": "87:2b:37:4d:6d:00:4f:db:9b:96:cf:f3:3b:f1:f3:11",
            "public_key_fingerprint_sha256": "SHA256:EGgksntbPoV3a4m538R7kdt4TbqMsbsP5JPBITbNwQc",
            "public_key_openssh": "ssh-rsa AAAAB3NzaC1yc2EAAAADAQABAAACAQDdSXRIzE0WlNbIc9uLdBo6AMI1fpYc5+YtQg7tqP9bC1Udf8kkcQ4XElcteLy4zZsGTNQf8UWDDLMT20PkJKC1lp9X3rw3/qQ6xcmr6+O8pWPcN7D8pWci+XGp8KvXkvAU2eG1KhTW0IAo1DVA4YtswCwuEYaAzzuIxedpr4Jl6TbXyOLWcO+9PinTH/UyXmQW3YeVFASw86okEG6pfliJKdunpu8QllK0ftPJ5k2aEeQiWkzrTiuVLVxi7IzIZKgs/JQ/Z1I+08GnVwpyC3sfjYDoVIBu8gybMQY6zkopaMn+G7XRnL0UC3YyEdWTtsWPmbt6bO0n5pE0VZPI/0oq81wLvBbAaa8WQuxJ0PMZqgWayoKwBhtv6LxPV9Dhp4gOUQloZYrcOcVpe7J2FsnJPzQg/N86IvtKF+iuComcK4Sj1jeRe3GXkDWADdRagn6IJzC+qCg61YhNfr/KXj/CIkwKDpdBSzXD3SWLEiP3FZZuFH6KnWtHrbeGOd5k/QPOr1gRyY96PeVFUhACyqBOhrTMksi6bBpQz0hinwGZH6RVA86cq1we+LV2h2WM2+A1tZikPdZWkp0ei5qBJuBXkI83w5DFDDU5bMsQgSsgjRwXeHZ2NlsroPWNKmncd7Fk9QoYPo7EsWptxKy58x6uyIPxBg8AoN0olZgHMWtXUw==\n",
            "public_key_pem": "-----BEGIN PUBLIC KEY-----\nMIICIjANBgkqhkiG9w0BAQEFAAOCAg8AMIICCgKCAgEA3Ul0SMxNFpTWyHPbi3Qa\nOgDCNX6WHOfmLUIO7aj/WwtVHX/JJHEOFxJXLXi8uM2bBkzUH/FFgwyzE9tD5CSg\ntZafV968N/6kOsXJq+vjvKVj3Dew/KVnIvlxqfCr15LwFNnhtSoU1tCAKNQ1QOGL\nbMAsLhGGgM87iMXnaa+CZek218ji1nDvvT4p0x/1Ml5kFt2HlRQEsPOqJBBuqX5Y\niSnbp6bvEJZStH7TyeZNmhHkIlpM604rlS1cYuyMyGSoLPyUP2dSPtPBp1cKcgt7\nH42A6FSAbvIMmzEGOs5KKWjJ/hu10Zy9FAt2MhHVk7bFj5m7emztJ+aRNFWTyP9K\nKvNcC7wWwGmvFkLsSdDzGaoFmsqCsAYbb+i8T1fQ4aeIDlEJaGWK3DnFaXuydhbJ\nyT80IPzfOiL7ShforgqJnCuEo9Y3kXtxl5A1gA3UWoJ+iCcwvqgoOtWITX6/yl4/\nwiJMCg6XQUs1w90lixIj9xWWbhR+ip1rR623hjneZP0Dzq9YEcmPej3lRVIQAsqg\nToa0zJLIumwaUM9IYp8BmR+kVQPOnKtcHvi1dodljNvgNbWYpD3WVpKdHouagSbg\nV5CPN8OQxQw1OWzLEIErII0cF3h2djZbK6D1jSpp3HexZPUKGD6OxLFqbcSsufMe\nrsiD8QYPAKDdKJWYBzFrV1MCAwEAAQ==\n-----END PUBLIC KEY-----\n",
            "rsa_bits": 4096
          },
          "sensitive_attributes": [],
          "create_before_destroy": true
        }
      ]
    },
    {
      "module": "module.compute_instance[\"dynatrace\"]",
      "mode": "data",
      "type": "google_compute_zones",
      "name": "available",
      "provider": "provider[\"registry.terraform.io/hashicorp/google\"]",
      "instances": [
        {
          "schema_version": 0,
          "attributes": {
            "id": "projects/proven-answer-414613/regions/us-east4",
            "names": [
              "us-east4-a",
              "us-east4-b",
              "us-east4-c"
            ],
            "project": "proven-answer-414613",
            "region": "us-east4",
            "status": null
          },
          "sensitive_attributes": []
        }
      ]
    },
    {
      "module": "module.compute_instance[\"dynatrace\"]",
      "mode": "managed",
      "type": "google_compute_instance_from_template",
      "name": "compute_instance",
      "provider": "provider[\"registry.terraform.io/hashicorp/google\"]",
      "instances": [
        {
          "index_key": 0,
          "schema_version": 0,
          "attributes": {
            "advanced_machine_features": [],
            "allow_stopping_for_update": null,
            "attached_disk": [
              {
                "device_name": "disk-0",
                "disk_encryption_key_raw": "",
                "disk_encryption_key_sha256": "",
                "kms_key_self_link": "",
                "mode": "READ_WRITE",
                "source": "https://www.googleapis.com/compute/v1/projects/proven-answer-414613/zones/us-east4-a/disks/disk-0"
              }
            ],
            "boot_disk": [
              {
                "auto_delete": true,
                "device_name": "persistent-disk-0",
                "disk_encryption_key_raw": "",
                "disk_encryption_key_sha256": "",
                "initialize_params": [
                  {
                    "image": "https://www.googleapis.com/compute/v1/projects/centos-cloud/global/images/centos-stream-8-v20221102",
                    "labels": {},
                    "resource_manager_tags": {},
                    "size": 500,
                    "type": "pd-standard"
                  }
                ],
                "kms_key_self_link": "",
                "mode": "READ_WRITE",
                "source": "https://www.googleapis.com/compute/v1/projects/proven-answer-414613/zones/us-east4-a/disks/labs-dynatrace-001"
              }
            ],
            "can_ip_forward": false,
            "confidential_instance_config": [],
            "cpu_platform": "AMD Rome",
            "current_status": "RUNNING",
            "deletion_protection": false,
            "description": "",
            "desired_status": null,
            "enable_display": false,
            "guest_accelerator": [],
            "hostname": "",
            "id": "projects/proven-answer-414613/zones/us-east4-a/instances/labs-dynatrace-001",
            "instance_id": "5008923934709927912",
            "label_fingerprint": "AsqOi4UzHaE=",
            "labels": {
              "application": "dynatrace",
              "delete": "false",
              "env": "labs",
              "owner": "sniper"
            },
            "machine_type": "e2-standard-4",
            "metadata": {
              "block-project-ssh-keys": "true",
              "sshKeys": "centos:ssh-rsa AAAAB3NzaC1yc2EAAAADAQABAAACAQDdSXRIzE0WlNbIc9uLdBo6AMI1fpYc5+YtQg7tqP9bC1Udf8kkcQ4XElcteLy4zZsGTNQf8UWDDLMT20PkJKC1lp9X3rw3/qQ6xcmr6+O8pWPcN7D8pWci+XGp8KvXkvAU2eG1KhTW0IAo1DVA4YtswCwuEYaAzzuIxedpr4Jl6TbXyOLWcO+9PinTH/UyXmQW3YeVFASw86okEG6pfliJKdunpu8QllK0ftPJ5k2aEeQiWkzrTiuVLVxi7IzIZKgs/JQ/Z1I+08GnVwpyC3sfjYDoVIBu8gybMQY6zkopaMn+G7XRnL0UC3YyEdWTtsWPmbt6bO0n5pE0VZPI/0oq81wLvBbAaa8WQuxJ0PMZqgWayoKwBhtv6LxPV9Dhp4gOUQloZYrcOcVpe7J2FsnJPzQg/N86IvtKF+iuComcK4Sj1jeRe3GXkDWADdRagn6IJzC+qCg61YhNfr/KXj/CIkwKDpdBSzXD3SWLEiP3FZZuFH6KnWtHrbeGOd5k/QPOr1gRyY96PeVFUhACyqBOhrTMksi6bBpQz0hinwGZH6RVA86cq1we+LV2h2WM2+A1tZikPdZWkp0ei5qBJuBXkI83w5DFDDU5bMsQgSsgjRwXeHZ2NlsroPWNKmncd7Fk9QoYPo7EsWptxKy58x6uyIPxBg8AoN0olZgHMWtXUw==\n"
            },
            "metadata_fingerprint": "GI3z0HOH0gA=",
            "metadata_startup_script": null,
            "min_cpu_platform": "",
            "name": "labs-dynatrace-001",
            "network_interface": [
              {
                "access_config": [],
                "alias_ip_range": [],
                "internal_ipv6_prefix_length": 0,
                "ipv6_access_config": [],
                "ipv6_access_type": "",
                "ipv6_address": "",
                "name": "nic0",
                "network": "https://www.googleapis.com/compute/v1/projects/proven-answer-414613/global/networks/default",
                "network_ip": "10.150.0.41",
                "nic_type": "",
                "queue_count": 0,
                "stack_type": "IPV4_ONLY",
                "subnetwork": "https://www.googleapis.com/compute/v1/projects/proven-answer-414613/regions/us-east4/subnetworks/default",
                "subnetwork_project": "proven-answer-414613"
              }
            ],
            "network_performance_config": [],
            "params": null,
            "project": "proven-answer-414613",
            "reservation_affinity": [],
            "resource_policies": [],
            "scheduling": [
              {
                "automatic_restart": true,
                "instance_termination_action": "",
                "local_ssd_recovery_timeout": [],
                "min_node_cpus": 0,
                "node_affinities": [],
                "on_host_maintenance": "MIGRATE",
                "preemptible": false,
                "provisioning_model": "STANDARD"
              }
            ],
            "scratch_disk": [],
            "self_link": "https://www.googleapis.com/compute/v1/projects/proven-answer-414613/zones/us-east4-a/instances/labs-dynatrace-001",
            "service_account": [
              {
                "email": "vm-dynatrace-sa@proven-answer-414613.iam.gserviceaccount.com",
                "scopes": [
                  "https://www.googleapis.com/auth/cloud-platform"
                ]
              }
            ],
            "shielded_instance_config": [
              {
                "enable_integrity_monitoring": true,
                "enable_secure_boot": false,
                "enable_vtpm": true
              }
            ],
            "source_instance_template": "https://www.googleapis.com/compute/v1/projects/proven-answer-414613/global/instanceTemplates/default-instance-template-20240321083358760000000001",
            "tags": [
              "dynatrace"
            ],
            "tags_fingerprint": "ZW3FZNGUBpQ=",
            "timeouts": null,
            "zone": "us-east4-a"
          },
          "sensitive_attributes": [],
          "private": "eyJlMmJmYjczMC1lY2FhLTExZTYtOGY4OC0zNDM2M2JjN2M0YzAiOnsiY3JlYXRlIjoxMjAwMDAwMDAwMDAwLCJkZWxldGUiOjEyMDAwMDAwMDAwMDAsInVwZGF0ZSI6MTIwMDAwMDAwMDAwMH19",
          "dependencies": [
            "module.compute_instance.data.google_compute_zones.available",
            "module.instance_template.google_compute_instance_template.tpl",
            "module.service_accounts.google_billing_account_iam_member.billing_user",
            "module.service_accounts.google_organization_iam_member.billing_user",
            "module.service_accounts.google_organization_iam_member.organization_viewer",
            "module.service_accounts.google_organization_iam_member.xpn_admin",
            "module.service_accounts.google_project_iam_member.project-roles",
            "module.service_accounts.google_service_account.service_accounts",
            "module.service_accounts.google_service_account_key.keys",
            "tls_private_key.private_key_pair"
          ]
        }
      ]
    },
    {
      "module": "module.instance_template[\"dynatrace\"]",
      "mode": "managed",
      "type": "google_compute_instance_template",
      "name": "tpl",
      "provider": "provider[\"registry.terraform.io/hashicorp/google\"]",
      "instances": [
        {
          "schema_version": 1,
          "attributes": {
            "advanced_machine_features": [
              {
                "enable_nested_virtualization": false,
                "threads_per_core": 0,
                "visible_core_count": 0
              }
            ],
            "can_ip_forward": false,
            "confidential_instance_config": [
              {
                "enable_confidential_compute": false
              }
            ],
            "description": "",
            "disk": [
              {
                "auto_delete": true,
                "boot": true,
                "device_name": "persistent-disk-0",
                "disk_encryption_key": [],
                "disk_name": "",
                "disk_size_gb": 500,
                "disk_type": "pd-standard",
                "interface": "SCSI",
                "labels": null,
                "mode": "READ_WRITE",
                "provisioned_iops": 0,
                "resource_policies": null,
                "source": "",
                "source_image": "projects/centos-cloud/global/images/centos-stream-8-v20221102",
                "source_image_encryption_key": [],
                "source_snapshot": "",
                "source_snapshot_encryption_key": [],
                "type": "PERSISTENT"
              },
              {
                "auto_delete": true,
                "boot": false,
                "device_name": "disk-0",
                "disk_encryption_key": [],
                "disk_name": "disk-0",
                "disk_size_gb": 500,
                "disk_type": "pd-standard",
                "interface": "SCSI",
                "labels": null,
                "mode": "READ_WRITE",
                "provisioned_iops": 0,
                "resource_policies": null,
                "source": "",
                "source_image": "",
                "source_image_encryption_key": [],
                "source_snapshot": "",
                "source_snapshot_encryption_key": [],
                "type": "PERSISTENT"
              }
            ],
            "guest_accelerator": [],
            "id": "projects/proven-answer-414613/global/instanceTemplates/default-instance-template-20240321083358760000000001",
            "instance_description": "",
            "labels": {
              "application": "dynatrace",
              "delete": "false",
              "env": "labs",
              "owner": "sniper"
            },
            "machine_type": "e2-standard-4",
            "metadata": {
              "block-project-ssh-keys": "true",
              "sshKeys": "centos:ssh-rsa AAAAB3NzaC1yc2EAAAADAQABAAACAQDdSXRIzE0WlNbIc9uLdBo6AMI1fpYc5+YtQg7tqP9bC1Udf8kkcQ4XElcteLy4zZsGTNQf8UWDDLMT20PkJKC1lp9X3rw3/qQ6xcmr6+O8pWPcN7D8pWci+XGp8KvXkvAU2eG1KhTW0IAo1DVA4YtswCwuEYaAzzuIxedpr4Jl6TbXyOLWcO+9PinTH/UyXmQW3YeVFASw86okEG6pfliJKdunpu8QllK0ftPJ5k2aEeQiWkzrTiuVLVxi7IzIZKgs/JQ/Z1I+08GnVwpyC3sfjYDoVIBu8gybMQY6zkopaMn+G7XRnL0UC3YyEdWTtsWPmbt6bO0n5pE0VZPI/0oq81wLvBbAaa8WQuxJ0PMZqgWayoKwBhtv6LxPV9Dhp4gOUQloZYrcOcVpe7J2FsnJPzQg/N86IvtKF+iuComcK4Sj1jeRe3GXkDWADdRagn6IJzC+qCg61YhNfr/KXj/CIkwKDpdBSzXD3SWLEiP3FZZuFH6KnWtHrbeGOd5k/QPOr1gRyY96PeVFUhACyqBOhrTMksi6bBpQz0hinwGZH6RVA86cq1we+LV2h2WM2+A1tZikPdZWkp0ei5qBJuBXkI83w5DFDDU5bMsQgSsgjRwXeHZ2NlsroPWNKmncd7Fk9QoYPo7EsWptxKy58x6uyIPxBg8AoN0olZgHMWtXUw==\n"
            },
            "metadata_fingerprint": "GI3z0HOH0gA=",
            "metadata_startup_script": "",
            "min_cpu_platform": "",
            "name": "default-instance-template-20240321083358760000000001",
            "name_prefix": "default-instance-template-",
            "network_interface": [
              {
                "access_config": [],
                "alias_ip_range": [],
                "internal_ipv6_prefix_length": 0,
                "ipv6_access_config": [],
                "ipv6_access_type": "",
                "ipv6_address": "",
                "name": "nic0",
                "network": "https://www.googleapis.com/compute/v1/projects/proven-answer-414613/global/networks/default",
                "network_ip": "",
                "nic_type": "",
                "queue_count": 0,
                "stack_type": "",
                "subnetwork": "https://www.googleapis.com/compute/v1/projects/proven-answer-414613/regions/us-east4/subnetworks/default",
                "subnetwork_project": "proven-answer-414613"
              }
            ],
            "network_performance_config": [],
            "project": "proven-answer-414613",
            "region": "us-east4",
            "reservation_affinity": [],
            "resource_policies": null,
            "scheduling": [
              {
                "automatic_restart": true,
                "instance_termination_action": "",
                "local_ssd_recovery_timeout": [],
                "min_node_cpus": 0,
                "node_affinities": [],
                "on_host_maintenance": "MIGRATE",
                "preemptible": false,
                "provisioning_model": "STANDARD"
              }
            ],
            "self_link": "https://www.googleapis.com/compute/v1/projects/proven-answer-414613/global/instanceTemplates/default-instance-template-20240321083358760000000001",
            "self_link_unique": "https://www.googleapis.com/compute/v1/projects/proven-answer-414613/global/instanceTemplates/default-instance-template-20240321083358760000000001?uniqueId=8362307276984700440",
            "service_account": [
              {
                "email": "vm-dynatrace-sa@proven-answer-414613.iam.gserviceaccount.com",
                "scopes": [
                  "https://www.googleapis.com/auth/cloud-platform"
                ]
              }
            ],
            "shielded_instance_config": [],
            "tags": [
              "dynatrace"
            ],
            "tags_fingerprint": "",
            "timeouts": null
          },
          "sensitive_attributes": [],
          "private": "eyJlMmJmYjczMC1lY2FhLTExZTYtOGY4OC0zNDM2M2JjN2M0YzAiOnsiY3JlYXRlIjoyNDAwMDAwMDAwMDAsImRlbGV0ZSI6MjQwMDAwMDAwMDAwfSwic2NoZW1hX3ZlcnNpb24iOiIxIn0=",
          "dependencies": [
            "module.service_accounts.google_billing_account_iam_member.billing_user",
            "module.service_accounts.google_organization_iam_member.billing_user",
            "module.service_accounts.google_organization_iam_member.organization_viewer",
            "module.service_accounts.google_organization_iam_member.xpn_admin",
            "module.service_accounts.google_project_iam_member.project-roles",
            "module.service_accounts.google_service_account.service_accounts",
            "module.service_accounts.google_service_account_key.keys",
            "tls_private_key.private_key_pair"
          ],
          "create_before_destroy": true
        }
      ]
    },
    {
      "module": "module.service_accounts[\"dynatrace\"]",
      "mode": "managed",
      "type": "google_project_iam_member",
      "name": "project-roles",
      "provider": "provider[\"registry.terraform.io/hashicorp/google\"]",
      "instances": [
        {
          "index_key": "vm-dynatrace-sa-proven-answer-414613=\u003eroles/compute.instanceAdmin.v1",
          "schema_version": 0,
          "attributes": {
            "condition": [],
            "etag": "BwYUJ5El/9g=",
            "id": "proven-answer-414613/roles/compute.instanceAdmin.v1/serviceAccount:vm-dynatrace-sa@proven-answer-414613.iam.gserviceaccount.com",
            "member": "serviceAccount:vm-dynatrace-sa@proven-answer-414613.iam.gserviceaccount.com",
            "project": "proven-answer-414613",
            "role": "roles/compute.instanceAdmin.v1"
          },
          "sensitive_attributes": [],
          "private": "bnVsbA==",
          "dependencies": [
            "module.service_accounts.google_service_account.service_accounts"
          ],
          "create_before_destroy": true
        },
        {
          "index_key": "vm-dynatrace-sa-proven-answer-414613=\u003eroles/iap.tunnelResourceAccessor",
          "schema_version": 0,
          "attributes": {
            "condition": [],
            "etag": "BwYUJ5El/9g=",
            "id": "proven-answer-414613/roles/iap.tunnelResourceAccessor/serviceAccount:vm-dynatrace-sa@proven-answer-414613.iam.gserviceaccount.com",
            "member": "serviceAccount:vm-dynatrace-sa@proven-answer-414613.iam.gserviceaccount.com",
            "project": "proven-answer-414613",
            "role": "roles/iap.tunnelResourceAccessor"
          },
          "sensitive_attributes": [],
          "private": "bnVsbA==",
          "dependencies": [
            "module.service_accounts.google_service_account.service_accounts"
          ],
          "create_before_destroy": true
        },
        {
          "index_key": "vm-dynatrace-sa-proven-answer-414613=\u003eroles/logging.logWriter",
          "schema_version": 0,
          "attributes": {
            "condition": [],
            "etag": "BwYUJ5El/9g=",
            "id": "proven-answer-414613/roles/logging.logWriter/serviceAccount:vm-dynatrace-sa@proven-answer-414613.iam.gserviceaccount.com",
            "member": "serviceAccount:vm-dynatrace-sa@proven-answer-414613.iam.gserviceaccount.com",
            "project": "proven-answer-414613",
            "role": "roles/logging.logWriter"
          },
          "sensitive_attributes": [],
          "private": "bnVsbA==",
          "dependencies": [
            "module.service_accounts.google_service_account.service_accounts"
          ],
          "create_before_destroy": true
        },
        {
          "index_key": "vm-dynatrace-sa-proven-answer-414613=\u003eroles/monitoring.metricWriter",
          "schema_version": 0,
          "attributes": {
            "condition": [],
            "etag": "BwYUJ5El/9g=",
            "id": "proven-answer-414613/roles/monitoring.metricWriter/serviceAccount:vm-dynatrace-sa@proven-answer-414613.iam.gserviceaccount.com",
            "member": "serviceAccount:vm-dynatrace-sa@proven-answer-414613.iam.gserviceaccount.com",
            "project": "proven-answer-414613",
            "role": "roles/monitoring.metricWriter"
          },
          "sensitive_attributes": [],
          "private": "bnVsbA==",
          "dependencies": [
            "module.service_accounts.google_service_account.service_accounts"
          ],
          "create_before_destroy": true
        }
      ]
    },
    {
      "module": "module.service_accounts[\"dynatrace\"]",
      "mode": "managed",
      "type": "google_service_account",
      "name": "service_accounts",
      "provider": "provider[\"registry.terraform.io/hashicorp/google\"]",
      "instances": [
        {
          "index_key": "vm-dynatrace-sa",
          "schema_version": 0,
          "attributes": {
            "account_id": "vm-dynatrace-sa",
            "description": "",
            "disabled": false,
            "display_name": "Terraform-managed service account",
            "email": "vm-dynatrace-sa@proven-answer-414613.iam.gserviceaccount.com",
            "id": "projects/proven-answer-414613/serviceAccounts/vm-dynatrace-sa@proven-answer-414613.iam.gserviceaccount.com",
            "member": "serviceAccount:vm-dynatrace-sa@proven-answer-414613.iam.gserviceaccount.com",
            "name": "projects/proven-answer-414613/serviceAccounts/vm-dynatrace-sa@proven-answer-414613.iam.gserviceaccount.com",
            "project": "proven-answer-414613",
            "timeouts": null,
            "unique_id": "100553654383361576651"
          },
          "sensitive_attributes": [],
          "private": "eyJlMmJmYjczMC1lY2FhLTExZTYtOGY4OC0zNDM2M2JjN2M0YzAiOnsiY3JlYXRlIjozMDAwMDAwMDAwMDB9fQ==",
          "create_before_destroy": true
        }
      ]
    },
    {
      "module": "module.service_accounts[\"dynatrace\"]",
      "mode": "managed",
      "type": "google_service_account_key",
      "name": "keys",
      "provider": "provider[\"registry.terraform.io/hashicorp/google\"]",
      "instances": []
    }
  ],
  "check_results": null
}
