{
  "version": 4,
  "terraform_version": "1.7.4",
  "serial": 457,
  "lineage": "c5c248cb-ee2e-9b4b-7234-4faf7ebaeb31",
  "outputs": {
    "addresses": {
      "value": {
        "server-dynatrace": [
          "10.138.0.9",
          "10.138.0.8"
        ]
      },
      "type": [
        "object",
        {
          "server-dynatrace": [
            "tuple",
            [
              "string",
              "string"
            ]
          ]
        }
      ]
    },
    "rule": {
      "value": "labs-dynatrace-ssh",
      "type": "string"
    },
    "servers": {
      "value": {
        "dynatrace": {
          "additional_service_account_roles": [],
          "additional_ssh_allow_cidr": [],
          "instance_config": {
            "additional_disk_name": "disk-0",
            "additional_disk_size": 500,
            "additional_disk_type": "pd-standard",
            "allow_stopping_for_update": true,
            "automatic_restart": true,
            "count": 2,
            "deletion_protection": false,
            "gce_user": "centos",
            "machine_type": "e2-standard-4",
            "os_type": "linux",
            "root_disk_size": 500,
            "root_disk_type": "pd-ssd",
            "source_image": "centos-stream-8-v20221102"
          },
          "labels": {
            "application": "dynatrace",
            "owner": "sniper"
          },
          "name": "dynatrace",
          "tags": [
            "dynatrace"
          ]
        }
      },
      "type": [
        "object",
        {
          "dynatrace": [
            "object",
            {
              "additional_service_account_roles": [
                "tuple",
                []
              ],
              "additional_ssh_allow_cidr": [
                "tuple",
                []
              ],
              "instance_config": [
                "object",
                {
                  "additional_disk_name": "string",
                  "additional_disk_size": "number",
                  "additional_disk_type": "string",
                  "allow_stopping_for_update": "bool",
                  "automatic_restart": "bool",
                  "count": "number",
                  "deletion_protection": "bool",
                  "gce_user": "string",
                  "machine_type": "string",
                  "os_type": "string",
                  "root_disk_size": "number",
                  "root_disk_type": "string",
                  "source_image": "string"
                }
              ],
              "labels": [
                "object",
                {
                  "application": "string",
                  "owner": "string"
                }
              ],
              "name": "string",
              "tags": [
                "tuple",
                [
                  "string"
                ]
              ]
            }
          ]
        }
      ]
    }
  },
  "resources": [
    {
      "mode": "data",
      "type": "google_compute_zones",
      "name": "available",
      "provider": "provider[\"registry.terraform.io/hashicorp/google\"]",
      "instances": [
        {
          "schema_version": 0,
          "attributes": {
            "id": "projects/proven-answer-414613/regions/us-west1",
            "names": [
              "us-west1-a",
              "us-west1-b",
              "us-west1-c"
            ],
            "project": "proven-answer-414613",
            "region": "us-west1",
            "status": null
          },
          "sensitive_attributes": []
        }
      ]
    },
    {
      "mode": "managed",
      "type": "google_compute_firewall",
      "name": "rule",
      "provider": "provider[\"registry.terraform.io/hashicorp/google\"]",
      "instances": [
        {
          "index_key": "dynatrace",
          "schema_version": 1,
          "attributes": {
            "allow": [
              {
                "ports": [
                  "22"
                ],
                "protocol": "tcp"
              }
            ],
            "creation_timestamp": "2024-03-21T02:05:22.586-07:00",
            "deny": [],
            "description": "",
            "destination_ranges": [],
            "direction": "INGRESS",
            "disabled": false,
            "enable_logging": null,
            "id": "projects/proven-answer-414613/global/firewalls/labs-dynatrace-ssh",
            "log_config": [],
            "name": "labs-dynatrace-ssh",
            "network": "https://www.googleapis.com/compute/v1/projects/proven-answer-414613/global/networks/default",
            "priority": 1,
            "project": "proven-answer-414613",
            "self_link": "https://www.googleapis.com/compute/v1/projects/proven-answer-414613/global/firewalls/labs-dynatrace-ssh",
            "source_ranges": [
              "192.168.5.0/24"
            ],
            "source_service_accounts": null,
            "source_tags": null,
            "target_service_accounts": null,
            "target_tags": [
              "dynatrace"
            ],
            "timeouts": null
          },
          "sensitive_attributes": [],
          "private": "eyJlMmJmYjczMC1lY2FhLTExZTYtOGY4OC0zNDM2M2JjN2M0YzAiOnsiY3JlYXRlIjoxMjAwMDAwMDAwMDAwLCJkZWxldGUiOjEyMDAwMDAwMDAwMDAsInVwZGF0ZSI6MTIwMDAwMDAwMDAwMH0sInNjaGVtYV92ZXJzaW9uIjoiMSJ9"
        }
      ]
    },
    {
      "mode": "managed",
      "type": "local_sensitive_file",
      "name": "ssh_key",
      "provider": "provider[\"registry.terraform.io/hashicorp/local\"]",
      "instances": [
        {
          "index_key": "dynatrace",
          "schema_version": 0,
          "attributes": {
            "content": "-----BEGIN RSA PRIVATE KEY-----\nMIIJKgIBAAKCAgEAzTDa/u9mZldybrVdfTLEDhhgsZIBNpdvmosuiFd0OOq6osMf\nRkt0hM/PBvlOcLeDC1uWmDcWqny0GpEMQPxfGU+dYwAk1gjn/TwlA9eeugpgkAWW\noh2EtkXFCIdMd9YF21+UEMDrR+h0jdz6aVScOcVfwLW3sJKJiDeoadbOGe4epT6Q\nziP7E0kD/biHOHvbQZTXu9mzIXeuR0vKFxszsT/ZFySPg14kQ092SDH5jJ23wDi3\nU2nNP2VKQKRFCeN0Oih+BfaGUaTqdnHpfaNdBnBPoTEqqkkrgu2XyNuxz1IlhT5S\nCZ/wopG8Taq8lEZaB4EZX/iqTgj/offtTObm34XBVkr3L7yVkFzXmiRE1ANN6tgP\no15siICE1oT8kkrRpFqBwrGDGNj6g+zftPTVSnTKljkeTz/uF5qEuiPDBm6KAzU0\nUwdJvDHY3uHniHp0zGCGpVeRS1UWYwi7DEKkLsQRJQNwbU9O/y0HXeDayRceLVdn\nWR6hf5o2dChM116PN9h7Ueq7TjZSd+iAbiIGUDSC646IdnYznEdtc8L310hLwsaF\nUkc6ZJlj1vVYfq2968mc48ZIGGlq6AMUSQQrSBJ8sfOq39yOu9wUsg0rrYeiZi82\nyrhwIpy8LmlIetZcMbChj56PDLCO/KQd0n3+OqhnpqFfMUhKXLh4fROJftMCAwEA\nAQKCAgEAroxu3ws76rdc6vxxiP1UdkEakDOJwKzWDXt0nBr5DSnwlmCyDBRIDGrS\nzDXsGkqhuVmyI85JA8KNW0QkTmvhYiCt2/fVXhW5c1xkiH410kDdn+aBG2tM59k2\nIWknDZIM7W7C//V8sHD4JW3jvxJwy1wxdjefCR++yxe9tjs6nChJ/XvZpuJIxUEJ\nmh4NOWlzPLinRG+OyFuM761zPnCvaorL27oIM1I0OuYv0n5gsNPB6kzU9qo8JT+/\nCHo1GJJa3tZvThdGb9GAej2wyGXdzopf0tmGV9FiqEABLKZm/dv9evlmxDVAeKrM\nqq0hOmkWUOfrdA6OoU9aVqgXP6H0po2VNLcchKjhfYW7q9ScRnNL4Bh2nrDSWlD5\nZi//oz/TEhXaiqjckISdQNNk3CnT5tyl0T7DFmH+6/syn9eUjuqLGoEQdBGAAAQ2\nlB8rMQm5Q+yUhUYHc2tOaBxS+9cHBAZ9NyhE7yDKyu7KiYY7ufoXh4CVe2pr/B2F\nxgl+3myM/TsPF8kG6VC/SoAzCtJp+bNVCc3LqpJJoio7geXyJhpWhG77CWqZHdZA\nubHikt+j2adfIR3u+zh9UqgbQA10RUZKevNOpkSrENRr7UvNQlGSCq530Cak4auR\nj/gZTwMG/5axDsZQuFry3eHZAiNZLqJBpUpY9afc729JNVHN+aECggEBANSwjWnz\nQwOoLgxGrDOZsoPA3Tm4sU/RFQU3v/5mlOCsZQYZAEQz/1m7d0gJjJcWHPVl+4TT\nlZh/Sn/x5Ce7mR2O2iPWhMSUF2UDBHjdkJWkv4Ec/YEaiSZ//p3AS+nL0FvumJQ/\nRhPE27L221RMJM+WYQRnJb5Bc1MyRm0EqBo33saWGxfoa7Ri+5UNWns4yz6mHgV2\ncQCEn0QmLa6sTX92FXWvrbZt2quCkI94Q50dMUJPreSb2wTb1SzUvN+IVJydcYb/\nYfP8FaFY5oXVDDoKdu2fkHfK0KeuipawNHgw+gHnFOb0bRoHtK4+g1zk7G5A/8hD\n0SQx9gkO2vEWTxkCggEBAPb5ZFw2CsP5iqdd0Gmn93vr/6qrlnzFoJiI3pulMVCo\nqNtvw7AbUui7rUjxv34Z6TtDlr5M/192TfPoIXmPsd5nONhNf8jlAdKLhHpmSu4W\nRYwHywl1Yiuj54X05oY3/HtJapEPyCmc8skx7bZBXib+jBnas/ghycLQsiqH8tJM\nfAOmVBLVATOahSK42dws/CuHkku00AvuNTpRmuBXftEWjrL3a1MGokTzFS3J8nvk\nV+p0w1qdVED8wEks6aQGOaQRaH6gTHTgr9aNdrnm9C8AGx2wUv3iMtAOF5F+aHTv\ngFGvDp3tohjCVFifSdsqujkCynaNx2HTlJzXBPwltssCggEBALwROZo8Dj/HkKAu\nRcqC14UFHxkRJUhsmue4Oj7buj1IczQHG2Mzj1FrILhEKVrXpNehS9xRs2/a7qdf\n3tz7VxL55A3YfCHOyTj6iBPP5y9LNEMYvVhRfIDcoOogxX+AR0djHOvJX0/PvGzt\nN1e81LfyQus/wfIPscgZJojzmylDyetTg7WKQOKKu+c6nY1j1OQaw2UVLCrHGoWK\nNM7FcOmKIsOjijlLvhX2J5mVQERHMe1uw1boMayELmWr3y7RP/AUj/RNEfJKL14y\nW/RvRJZ19l97vqUOY55CCi3gtSSqOgdArAzkiSyBL9T7VfDoQ9/h/cq5nM8ilmnA\nBv0zOtECggEAD/pyk8SrTaKHZeyb3zoOuOW71L7lLY1bpoK0ZD17w0wmIIxKjMo3\nwvbhbya0zOPAQyVMS2OP4g01XeJWyBaT21+yPcxFyCmIxKZiG8kib+Tg+v5GFIaT\no18nS3NctrJIk3Fcg6YRvR96Van1RyVTghJV3hZYLmWBOCloXXgOLazlGRdZuR4u\nxbfphSWQcr42UlqjDGLWUu9GYk+FRZ5jhgN/l/SJ7QUw2mUfqaa3GWzcgz6qpOIo\n4Ut45UMSmpoMgKDfsdGNIMKonajpVX2rrp7DIliWBfbscql2vOMAvw//rUk2GOGW\n6yMncdRcYuGQyr9zedgSXjHiG4ONvwJxoQKCAQEA1A/qDcyDUDpisdFGuoMGSwYc\nZaosVo9xc27Lh988YTWkC6+8qzJmvaoGGYNbAC3Dc+0pjxbVmgbbgbRkZJVCWq0R\nVjRzHztoly1PMvRy4poaRtTtnnvVDEocxGjE9SYjG/oUMklHeGEWOoGUnnlRjbTZ\nUBqIXfReNayNKs2szk0mElGt3EyqUpeznenFj/JEIFhMU90tw/xCGkgLEZjWGTkh\n1swXhefoxZKYtWz3puHZ5FP4MdfA/MafE/hTXD+XKpPGfpDCFNwhcv+gVHmHoprY\nBTCLqRj47otA9nVXYzvBR/aXmh/HRdYXkEK+Iw7YLtMQ2AMEY8yz/8FGdYFsOw==\n-----END RSA PRIVATE KEY-----\n",
            "content_base64": null,
            "content_base64sha256": "xh/nxEgza44ujiV918oPKT2J/ZoE11R7XiGvHFqu6sY=",
            "content_base64sha512": "04nYfdG1E92bWHOIU6quB8l50t4T252Mdfx1HM7gLKfZZqJFYkV3BA+ZYh7DQDhHx6mOg7MT87mhwWDCALxQ0g==",
            "content_md5": "0baba232f963cdde61e8c29bf2e084e6",
            "content_sha1": "2196b8dc354762089b41227ce42468dc8f21ba08",
            "content_sha256": "c61fe7c448336b8e2e8e257dd7ca0f293d89fd9a04d7547b5e21af1c5aaeeac6",
            "content_sha512": "d389d87dd1b513dd9b58738853aaae07c979d2de13db9d8c75fc751ccee02ca7d966a245624577040f99621ec3403847c7a98e83b313f3b9a1c160c200bc50d2",
            "directory_permission": "0700",
            "file_permission": "0600",
            "filename": "./dynatrace_ssh_key.pem",
            "id": "2196b8dc354762089b41227ce42468dc8f21ba08",
            "source": null
          },
          "sensitive_attributes": [
            [
              {
                "type": "get_attr",
                "value": "content"
              }
            ]
          ],
          "dependencies": [
            "tls_private_key.private_key_pair"
          ]
        }
      ]
    },
    {
      "mode": "managed",
      "type": "null_resource",
      "name": "ansible_provisioner",
      "provider": "provider[\"registry.terraform.io/hashicorp/null\"]",
      "instances": [
        {
          "status": "tainted",
          "schema_version": 0,
          "attributes": {
            "id": "1492214706",
            "triggers": null
          },
          "sensitive_attributes": [],
          "dependencies": [
            "module.compute_instance.data.google_compute_zones.available",
            "module.compute_instance.google_compute_instance_from_template.compute_instance",
            "module.instance_template.google_compute_instance_template.tpl",
            "module.service_accounts.google_billing_account_iam_member.billing_user",
            "module.service_accounts.google_organization_iam_member.billing_user",
            "module.service_accounts.google_organization_iam_member.organization_viewer",
            "module.service_accounts.google_organization_iam_member.xpn_admin",
            "module.service_accounts.google_project_iam_member.project-roles",
            "module.service_accounts.google_service_account.service_accounts",
            "module.service_accounts.google_service_account_key.keys",
            "tls_private_key.private_key_pair"
          ]
        }
      ]
    },
    {
      "mode": "managed",
      "type": "tls_private_key",
      "name": "private_key_pair",
      "provider": "provider[\"registry.terraform.io/hashicorp/tls\"]",
      "instances": [
        {
          "index_key": "dynatrace",
          "schema_version": 1,
          "attributes": {
            "algorithm": "RSA",
            "ecdsa_curve": "P224",
            "id": "7fa200dadcbfc105ac70e125134bdd6ac50f3956",
            "private_key_openssh": "-----BEGIN OPENSSH PRIVATE KEY-----\nb3BlbnNzaC1rZXktdjEAAAAABG5vbmUAAAAEbm9uZQAAAAAAAAABAAACFwAAAAdz\nc2gtcnNhAAAAAwEAAQAAAgEAzTDa/u9mZldybrVdfTLEDhhgsZIBNpdvmosuiFd0\nOOq6osMfRkt0hM/PBvlOcLeDC1uWmDcWqny0GpEMQPxfGU+dYwAk1gjn/TwlA9ee\nugpgkAWWoh2EtkXFCIdMd9YF21+UEMDrR+h0jdz6aVScOcVfwLW3sJKJiDeoadbO\nGe4epT6QziP7E0kD/biHOHvbQZTXu9mzIXeuR0vKFxszsT/ZFySPg14kQ092SDH5\njJ23wDi3U2nNP2VKQKRFCeN0Oih+BfaGUaTqdnHpfaNdBnBPoTEqqkkrgu2XyNux\nz1IlhT5SCZ/wopG8Taq8lEZaB4EZX/iqTgj/offtTObm34XBVkr3L7yVkFzXmiRE\n1ANN6tgPo15siICE1oT8kkrRpFqBwrGDGNj6g+zftPTVSnTKljkeTz/uF5qEuiPD\nBm6KAzU0UwdJvDHY3uHniHp0zGCGpVeRS1UWYwi7DEKkLsQRJQNwbU9O/y0HXeDa\nyRceLVdnWR6hf5o2dChM116PN9h7Ueq7TjZSd+iAbiIGUDSC646IdnYznEdtc8L3\n10hLwsaFUkc6ZJlj1vVYfq2968mc48ZIGGlq6AMUSQQrSBJ8sfOq39yOu9wUsg0r\nrYeiZi82yrhwIpy8LmlIetZcMbChj56PDLCO/KQd0n3+OqhnpqFfMUhKXLh4fROJ\nftMAAAc4D+yYDg/smA4AAAAHc3NoLXJzYQAAAgEAzTDa/u9mZldybrVdfTLEDhhg\nsZIBNpdvmosuiFd0OOq6osMfRkt0hM/PBvlOcLeDC1uWmDcWqny0GpEMQPxfGU+d\nYwAk1gjn/TwlA9eeugpgkAWWoh2EtkXFCIdMd9YF21+UEMDrR+h0jdz6aVScOcVf\nwLW3sJKJiDeoadbOGe4epT6QziP7E0kD/biHOHvbQZTXu9mzIXeuR0vKFxszsT/Z\nFySPg14kQ092SDH5jJ23wDi3U2nNP2VKQKRFCeN0Oih+BfaGUaTqdnHpfaNdBnBP\noTEqqkkrgu2XyNuxz1IlhT5SCZ/wopG8Taq8lEZaB4EZX/iqTgj/offtTObm34XB\nVkr3L7yVkFzXmiRE1ANN6tgPo15siICE1oT8kkrRpFqBwrGDGNj6g+zftPTVSnTK\nljkeTz/uF5qEuiPDBm6KAzU0UwdJvDHY3uHniHp0zGCGpVeRS1UWYwi7DEKkLsQR\nJQNwbU9O/y0HXeDayRceLVdnWR6hf5o2dChM116PN9h7Ueq7TjZSd+iAbiIGUDSC\n646IdnYznEdtc8L310hLwsaFUkc6ZJlj1vVYfq2968mc48ZIGGlq6AMUSQQrSBJ8\nsfOq39yOu9wUsg0rrYeiZi82yrhwIpy8LmlIetZcMbChj56PDLCO/KQd0n3+Oqhn\npqFfMUhKXLh4fROJftMAAAADAQABAAACAQCujG7fCzvqt1zq/HGI/VR2QRqQM4nA\nrNYNe3ScGvkNKfCWYLIMFEgMatLMNewaSqG5WbIjzkkDwo1bRCROa+FiIK3b99Ve\nFblzXGSIfjXSQN2f5oEba0zn2TYhaScNkgztbsL/9XywcPglbeO/EnDLXDF2N58J\nH77LF722OzqcKEn9e9mm4kjFQQmaHg05aXM8uKdEb47IW4zvrXM+cK9qisvbuggz\nUjQ65i/SfmCw08HqTNT2qjwlP78IejUYklre1m9OF0Zv0YB6PbDIZd3Oil/S2YZX\n0WKoQAEspmb92/16+WbENUB4qsyqrSE6aRZQ5+t0Do6hT1pWqBc/ofSmjZU0txyE\nqOF9hbur1JxGc0vgGHaesNJaUPlmL/+jP9MSFdqKqNyQhJ1A02TcKdPm3KXRPsMW\nYf7r+zKf15SO6osagRB0EYAABDaUHysxCblD7JSFRgdza05oHFL71wcEBn03KETv\nIMrK7sqJhju5+heHgJV7amv8HYXGCX7ebIz9Ow8XyQbpUL9KgDMK0mn5s1UJzcuq\nkkmiKjuB5fImGlaEbvsJapkd1kC5seKS36PZp18hHe77OH1SqBtADXRFRkp6806m\nRKsQ1GvtS81CUZIKrnfQJqThq5GP+BlPAwb/lrEOxlC4WvLd4dkCI1kuokGlSlj1\np9zvb0k1Uc35oQAAAQEA1A/qDcyDUDpisdFGuoMGSwYcZaosVo9xc27Lh988YTWk\nC6+8qzJmvaoGGYNbAC3Dc+0pjxbVmgbbgbRkZJVCWq0RVjRzHztoly1PMvRy4poa\nRtTtnnvVDEocxGjE9SYjG/oUMklHeGEWOoGUnnlRjbTZUBqIXfReNayNKs2szk0m\nElGt3EyqUpeznenFj/JEIFhMU90tw/xCGkgLEZjWGTkh1swXhefoxZKYtWz3puHZ\n5FP4MdfA/MafE/hTXD+XKpPGfpDCFNwhcv+gVHmHoprYBTCLqRj47otA9nVXYzvB\nR/aXmh/HRdYXkEK+Iw7YLtMQ2AMEY8yz/8FGdYFsOwAAAQEA1LCNafNDA6guDEas\nM5myg8DdObixT9EVBTe//maU4KxlBhkARDP/Wbt3SAmMlxYc9WX7hNOVmH9Kf/Hk\nJ7uZHY7aI9aExJQXZQMEeN2QlaS/gRz9gRqJJn/+ncBL6cvQW+6YlD9GE8Tbsvbb\nVEwkz5ZhBGclvkFzUzJGbQSoGjfexpYbF+hrtGL7lQ1aezjLPqYeBXZxAISfRCYt\nrqxNf3YVda+ttm3aq4KQj3hDnR0xQk+t5JvbBNvVLNS834hUnJ1xhv9h8/wVoVjm\nhdUMOgp27Z+Qd8rQp66KlrA0eDD6AecU5vRtGge0rj6DXOTsbkD/yEPRJDH2CQ7a\n8RZPGQAAAQEA9vlkXDYKw/mKp13Qaaf3e+v/qquWfMWgmIjem6UxUKio22/DsBtS\n6LutSPG/fhnpO0OWvkz/X3ZN8+gheY+x3mc42E1/yOUB0ouEemZK7hZFjAfLCXVi\nK6PnhfTmhjf8e0lqkQ/IKZzyyTHttkFeJv6MGdqz+CHJwtCyKofy0kx8A6ZUEtUB\nM5qFIrjZ3Cz8K4eSS7TQC+41OlGa4Fd+0RaOsvdrUwaiRPMVLcnye+RX6nTDWp1U\nQPzASSzppAY5pBFofqBMdOCv1o12ueb0LwAbHbBS/eIy0A4XkX5odO+AUa8One2i\nGMJUWJ9J2yq6OQLKdo3HYdOUnNcE/CW2ywAAAAAB\n-----END OPENSSH PRIVATE KEY-----\n",
            "private_key_pem": "-----BEGIN RSA PRIVATE KEY-----\nMIIJKgIBAAKCAgEAzTDa/u9mZldybrVdfTLEDhhgsZIBNpdvmosuiFd0OOq6osMf\nRkt0hM/PBvlOcLeDC1uWmDcWqny0GpEMQPxfGU+dYwAk1gjn/TwlA9eeugpgkAWW\noh2EtkXFCIdMd9YF21+UEMDrR+h0jdz6aVScOcVfwLW3sJKJiDeoadbOGe4epT6Q\nziP7E0kD/biHOHvbQZTXu9mzIXeuR0vKFxszsT/ZFySPg14kQ092SDH5jJ23wDi3\nU2nNP2VKQKRFCeN0Oih+BfaGUaTqdnHpfaNdBnBPoTEqqkkrgu2XyNuxz1IlhT5S\nCZ/wopG8Taq8lEZaB4EZX/iqTgj/offtTObm34XBVkr3L7yVkFzXmiRE1ANN6tgP\no15siICE1oT8kkrRpFqBwrGDGNj6g+zftPTVSnTKljkeTz/uF5qEuiPDBm6KAzU0\nUwdJvDHY3uHniHp0zGCGpVeRS1UWYwi7DEKkLsQRJQNwbU9O/y0HXeDayRceLVdn\nWR6hf5o2dChM116PN9h7Ueq7TjZSd+iAbiIGUDSC646IdnYznEdtc8L310hLwsaF\nUkc6ZJlj1vVYfq2968mc48ZIGGlq6AMUSQQrSBJ8sfOq39yOu9wUsg0rrYeiZi82\nyrhwIpy8LmlIetZcMbChj56PDLCO/KQd0n3+OqhnpqFfMUhKXLh4fROJftMCAwEA\nAQKCAgEAroxu3ws76rdc6vxxiP1UdkEakDOJwKzWDXt0nBr5DSnwlmCyDBRIDGrS\nzDXsGkqhuVmyI85JA8KNW0QkTmvhYiCt2/fVXhW5c1xkiH410kDdn+aBG2tM59k2\nIWknDZIM7W7C//V8sHD4JW3jvxJwy1wxdjefCR++yxe9tjs6nChJ/XvZpuJIxUEJ\nmh4NOWlzPLinRG+OyFuM761zPnCvaorL27oIM1I0OuYv0n5gsNPB6kzU9qo8JT+/\nCHo1GJJa3tZvThdGb9GAej2wyGXdzopf0tmGV9FiqEABLKZm/dv9evlmxDVAeKrM\nqq0hOmkWUOfrdA6OoU9aVqgXP6H0po2VNLcchKjhfYW7q9ScRnNL4Bh2nrDSWlD5\nZi//oz/TEhXaiqjckISdQNNk3CnT5tyl0T7DFmH+6/syn9eUjuqLGoEQdBGAAAQ2\nlB8rMQm5Q+yUhUYHc2tOaBxS+9cHBAZ9NyhE7yDKyu7KiYY7ufoXh4CVe2pr/B2F\nxgl+3myM/TsPF8kG6VC/SoAzCtJp+bNVCc3LqpJJoio7geXyJhpWhG77CWqZHdZA\nubHikt+j2adfIR3u+zh9UqgbQA10RUZKevNOpkSrENRr7UvNQlGSCq530Cak4auR\nj/gZTwMG/5axDsZQuFry3eHZAiNZLqJBpUpY9afc729JNVHN+aECggEBANSwjWnz\nQwOoLgxGrDOZsoPA3Tm4sU/RFQU3v/5mlOCsZQYZAEQz/1m7d0gJjJcWHPVl+4TT\nlZh/Sn/x5Ce7mR2O2iPWhMSUF2UDBHjdkJWkv4Ec/YEaiSZ//p3AS+nL0FvumJQ/\nRhPE27L221RMJM+WYQRnJb5Bc1MyRm0EqBo33saWGxfoa7Ri+5UNWns4yz6mHgV2\ncQCEn0QmLa6sTX92FXWvrbZt2quCkI94Q50dMUJPreSb2wTb1SzUvN+IVJydcYb/\nYfP8FaFY5oXVDDoKdu2fkHfK0KeuipawNHgw+gHnFOb0bRoHtK4+g1zk7G5A/8hD\n0SQx9gkO2vEWTxkCggEBAPb5ZFw2CsP5iqdd0Gmn93vr/6qrlnzFoJiI3pulMVCo\nqNtvw7AbUui7rUjxv34Z6TtDlr5M/192TfPoIXmPsd5nONhNf8jlAdKLhHpmSu4W\nRYwHywl1Yiuj54X05oY3/HtJapEPyCmc8skx7bZBXib+jBnas/ghycLQsiqH8tJM\nfAOmVBLVATOahSK42dws/CuHkku00AvuNTpRmuBXftEWjrL3a1MGokTzFS3J8nvk\nV+p0w1qdVED8wEks6aQGOaQRaH6gTHTgr9aNdrnm9C8AGx2wUv3iMtAOF5F+aHTv\ngFGvDp3tohjCVFifSdsqujkCynaNx2HTlJzXBPwltssCggEBALwROZo8Dj/HkKAu\nRcqC14UFHxkRJUhsmue4Oj7buj1IczQHG2Mzj1FrILhEKVrXpNehS9xRs2/a7qdf\n3tz7VxL55A3YfCHOyTj6iBPP5y9LNEMYvVhRfIDcoOogxX+AR0djHOvJX0/PvGzt\nN1e81LfyQus/wfIPscgZJojzmylDyetTg7WKQOKKu+c6nY1j1OQaw2UVLCrHGoWK\nNM7FcOmKIsOjijlLvhX2J5mVQERHMe1uw1boMayELmWr3y7RP/AUj/RNEfJKL14y\nW/RvRJZ19l97vqUOY55CCi3gtSSqOgdArAzkiSyBL9T7VfDoQ9/h/cq5nM8ilmnA\nBv0zOtECggEAD/pyk8SrTaKHZeyb3zoOuOW71L7lLY1bpoK0ZD17w0wmIIxKjMo3\nwvbhbya0zOPAQyVMS2OP4g01XeJWyBaT21+yPcxFyCmIxKZiG8kib+Tg+v5GFIaT\no18nS3NctrJIk3Fcg6YRvR96Van1RyVTghJV3hZYLmWBOCloXXgOLazlGRdZuR4u\nxbfphSWQcr42UlqjDGLWUu9GYk+FRZ5jhgN/l/SJ7QUw2mUfqaa3GWzcgz6qpOIo\n4Ut45UMSmpoMgKDfsdGNIMKonajpVX2rrp7DIliWBfbscql2vOMAvw//rUk2GOGW\n6yMncdRcYuGQyr9zedgSXjHiG4ONvwJxoQKCAQEA1A/qDcyDUDpisdFGuoMGSwYc\nZaosVo9xc27Lh988YTWkC6+8qzJmvaoGGYNbAC3Dc+0pjxbVmgbbgbRkZJVCWq0R\nVjRzHztoly1PMvRy4poaRtTtnnvVDEocxGjE9SYjG/oUMklHeGEWOoGUnnlRjbTZ\nUBqIXfReNayNKs2szk0mElGt3EyqUpeznenFj/JEIFhMU90tw/xCGkgLEZjWGTkh\n1swXhefoxZKYtWz3puHZ5FP4MdfA/MafE/hTXD+XKpPGfpDCFNwhcv+gVHmHoprY\nBTCLqRj47otA9nVXYzvBR/aXmh/HRdYXkEK+Iw7YLtMQ2AMEY8yz/8FGdYFsOw==\n-----END RSA PRIVATE KEY-----\n",
            "private_key_pem_pkcs8": "-----BEGIN PRIVATE KEY-----\nMIIJRAIBADANBgkqhkiG9w0BAQEFAASCCS4wggkqAgEAAoICAQDNMNr+72ZmV3Ju\ntV19MsQOGGCxkgE2l2+aiy6IV3Q46rqiwx9GS3SEz88G+U5wt4MLW5aYNxaqfLQa\nkQxA/F8ZT51jACTWCOf9PCUD1566CmCQBZaiHYS2RcUIh0x31gXbX5QQwOtH6HSN\n3PppVJw5xV/AtbewkomIN6hp1s4Z7h6lPpDOI/sTSQP9uIc4e9tBlNe72bMhd65H\nS8oXGzOxP9kXJI+DXiRDT3ZIMfmMnbfAOLdTac0/ZUpApEUJ43Q6KH4F9oZRpOp2\ncel9o10GcE+hMSqqSSuC7ZfI27HPUiWFPlIJn/CikbxNqryURloHgRlf+KpOCP+h\n9+1M5ubfhcFWSvcvvJWQXNeaJETUA03q2A+jXmyIgITWhPySStGkWoHCsYMY2PqD\n7N+09NVKdMqWOR5PP+4XmoS6I8MGbooDNTRTB0m8Mdje4eeIenTMYIalV5FLVRZj\nCLsMQqQuxBElA3BtT07/LQdd4NrJFx4tV2dZHqF/mjZ0KEzXXo832HtR6rtONlJ3\n6IBuIgZQNILrjoh2djOcR21zwvfXSEvCxoVSRzpkmWPW9Vh+rb3ryZzjxkgYaWro\nAxRJBCtIEnyx86rf3I673BSyDSuth6JmLzbKuHAinLwuaUh61lwxsKGPno8MsI78\npB3Sff46qGemoV8xSEpcuHh9E4l+0wIDAQABAoICAQCujG7fCzvqt1zq/HGI/VR2\nQRqQM4nArNYNe3ScGvkNKfCWYLIMFEgMatLMNewaSqG5WbIjzkkDwo1bRCROa+Fi\nIK3b99VeFblzXGSIfjXSQN2f5oEba0zn2TYhaScNkgztbsL/9XywcPglbeO/EnDL\nXDF2N58JH77LF722OzqcKEn9e9mm4kjFQQmaHg05aXM8uKdEb47IW4zvrXM+cK9q\nisvbuggzUjQ65i/SfmCw08HqTNT2qjwlP78IejUYklre1m9OF0Zv0YB6PbDIZd3O\nil/S2YZX0WKoQAEspmb92/16+WbENUB4qsyqrSE6aRZQ5+t0Do6hT1pWqBc/ofSm\njZU0txyEqOF9hbur1JxGc0vgGHaesNJaUPlmL/+jP9MSFdqKqNyQhJ1A02TcKdPm\n3KXRPsMWYf7r+zKf15SO6osagRB0EYAABDaUHysxCblD7JSFRgdza05oHFL71wcE\nBn03KETvIMrK7sqJhju5+heHgJV7amv8HYXGCX7ebIz9Ow8XyQbpUL9KgDMK0mn5\ns1UJzcuqkkmiKjuB5fImGlaEbvsJapkd1kC5seKS36PZp18hHe77OH1SqBtADXRF\nRkp6806mRKsQ1GvtS81CUZIKrnfQJqThq5GP+BlPAwb/lrEOxlC4WvLd4dkCI1ku\nokGlSlj1p9zvb0k1Uc35oQKCAQEA1LCNafNDA6guDEasM5myg8DdObixT9EVBTe/\n/maU4KxlBhkARDP/Wbt3SAmMlxYc9WX7hNOVmH9Kf/HkJ7uZHY7aI9aExJQXZQME\neN2QlaS/gRz9gRqJJn/+ncBL6cvQW+6YlD9GE8TbsvbbVEwkz5ZhBGclvkFzUzJG\nbQSoGjfexpYbF+hrtGL7lQ1aezjLPqYeBXZxAISfRCYtrqxNf3YVda+ttm3aq4KQ\nj3hDnR0xQk+t5JvbBNvVLNS834hUnJ1xhv9h8/wVoVjmhdUMOgp27Z+Qd8rQp66K\nlrA0eDD6AecU5vRtGge0rj6DXOTsbkD/yEPRJDH2CQ7a8RZPGQKCAQEA9vlkXDYK\nw/mKp13Qaaf3e+v/qquWfMWgmIjem6UxUKio22/DsBtS6LutSPG/fhnpO0OWvkz/\nX3ZN8+gheY+x3mc42E1/yOUB0ouEemZK7hZFjAfLCXViK6PnhfTmhjf8e0lqkQ/I\nKZzyyTHttkFeJv6MGdqz+CHJwtCyKofy0kx8A6ZUEtUBM5qFIrjZ3Cz8K4eSS7TQ\nC+41OlGa4Fd+0RaOsvdrUwaiRPMVLcnye+RX6nTDWp1UQPzASSzppAY5pBFofqBM\ndOCv1o12ueb0LwAbHbBS/eIy0A4XkX5odO+AUa8One2iGMJUWJ9J2yq6OQLKdo3H\nYdOUnNcE/CW2ywKCAQEAvBE5mjwOP8eQoC5FyoLXhQUfGRElSGya57g6Ptu6PUhz\nNAcbYzOPUWsguEQpWtek16FL3FGzb9rup1/e3PtXEvnkDdh8Ic7JOPqIE8/nL0s0\nQxi9WFF8gNyg6iDFf4BHR2Mc68lfT8+8bO03V7zUt/JC6z/B8g+xyBkmiPObKUPJ\n61ODtYpA4oq75zqdjWPU5BrDZRUsKscahYo0zsVw6Yoiw6OKOUu+FfYnmZVAREcx\n7W7DVugxrIQuZavfLtE/8BSP9E0R8kovXjJb9G9ElnX2X3u+pQ5jnkIKLeC1JKo6\nB0CsDOSJLIEv1PtV8OhD3+H9yrmczyKWacAG/TM60QKCAQAP+nKTxKtNoodl7Jvf\nOg645bvUvuUtjVumgrRkPXvDTCYgjEqMyjfC9uFvJrTM48BDJUxLY4/iDTVd4lbI\nFpPbX7I9zEXIKYjEpmIbySJv5OD6/kYUhpOjXydLc1y2skiTcVyDphG9H3pVqfVH\nJVOCElXeFlguZYE4KWhdeA4trOUZF1m5Hi7Ft+mFJZByvjZSWqMMYtZS70ZiT4VF\nnmOGA3+X9IntBTDaZR+pprcZbNyDPqqk4ijhS3jlQxKamgyAoN+x0Y0gwqidqOlV\nfauunsMiWJYF9uxyqXa84wC/D/+tSTYY4ZbrIydx1Fxi4ZDKv3N52BJeMeIbg42/\nAnGhAoIBAQDUD+oNzINQOmKx0Ua6gwZLBhxlqixWj3FzbsuH3zxhNaQLr7yrMma9\nqgYZg1sALcNz7SmPFtWaBtuBtGRklUJarRFWNHMfO2iXLU8y9HLimhpG1O2ee9UM\nShzEaMT1JiMb+hQySUd4YRY6gZSeeVGNtNlQGohd9F41rI0qzazOTSYSUa3cTKpS\nl7Od6cWP8kQgWExT3S3D/EIaSAsRmNYZOSHWzBeF5+jFkpi1bPem4dnkU/gx18D8\nxp8T+FNcP5cqk8Z+kMIU3CFy/6BUeYeimtgFMIupGPjui0D2dVdjO8FH9peaH8dF\n1heQQr4jDtgu0xDYAwRjzLP/wUZ1gWw7\n-----END PRIVATE KEY-----\n",
            "public_key_fingerprint_md5": "19:cb:d5:00:30:38:ff:e3:89:fa:eb:68:59:e2:b6:8a",
            "public_key_fingerprint_sha256": "SHA256:xP3X9gTCxtfOWQ55B4qw4ERdcZw8Sa/1dsCodIrhGYU",
            "public_key_openssh": "ssh-rsa AAAAB3NzaC1yc2EAAAADAQABAAACAQDNMNr+72ZmV3JutV19MsQOGGCxkgE2l2+aiy6IV3Q46rqiwx9GS3SEz88G+U5wt4MLW5aYNxaqfLQakQxA/F8ZT51jACTWCOf9PCUD1566CmCQBZaiHYS2RcUIh0x31gXbX5QQwOtH6HSN3PppVJw5xV/AtbewkomIN6hp1s4Z7h6lPpDOI/sTSQP9uIc4e9tBlNe72bMhd65HS8oXGzOxP9kXJI+DXiRDT3ZIMfmMnbfAOLdTac0/ZUpApEUJ43Q6KH4F9oZRpOp2cel9o10GcE+hMSqqSSuC7ZfI27HPUiWFPlIJn/CikbxNqryURloHgRlf+KpOCP+h9+1M5ubfhcFWSvcvvJWQXNeaJETUA03q2A+jXmyIgITWhPySStGkWoHCsYMY2PqD7N+09NVKdMqWOR5PP+4XmoS6I8MGbooDNTRTB0m8Mdje4eeIenTMYIalV5FLVRZjCLsMQqQuxBElA3BtT07/LQdd4NrJFx4tV2dZHqF/mjZ0KEzXXo832HtR6rtONlJ36IBuIgZQNILrjoh2djOcR21zwvfXSEvCxoVSRzpkmWPW9Vh+rb3ryZzjxkgYaWroAxRJBCtIEnyx86rf3I673BSyDSuth6JmLzbKuHAinLwuaUh61lwxsKGPno8MsI78pB3Sff46qGemoV8xSEpcuHh9E4l+0w==\n",
            "public_key_pem": "-----BEGIN PUBLIC KEY-----\nMIICIjANBgkqhkiG9w0BAQEFAAOCAg8AMIICCgKCAgEAzTDa/u9mZldybrVdfTLE\nDhhgsZIBNpdvmosuiFd0OOq6osMfRkt0hM/PBvlOcLeDC1uWmDcWqny0GpEMQPxf\nGU+dYwAk1gjn/TwlA9eeugpgkAWWoh2EtkXFCIdMd9YF21+UEMDrR+h0jdz6aVSc\nOcVfwLW3sJKJiDeoadbOGe4epT6QziP7E0kD/biHOHvbQZTXu9mzIXeuR0vKFxsz\nsT/ZFySPg14kQ092SDH5jJ23wDi3U2nNP2VKQKRFCeN0Oih+BfaGUaTqdnHpfaNd\nBnBPoTEqqkkrgu2XyNuxz1IlhT5SCZ/wopG8Taq8lEZaB4EZX/iqTgj/offtTObm\n34XBVkr3L7yVkFzXmiRE1ANN6tgPo15siICE1oT8kkrRpFqBwrGDGNj6g+zftPTV\nSnTKljkeTz/uF5qEuiPDBm6KAzU0UwdJvDHY3uHniHp0zGCGpVeRS1UWYwi7DEKk\nLsQRJQNwbU9O/y0HXeDayRceLVdnWR6hf5o2dChM116PN9h7Ueq7TjZSd+iAbiIG\nUDSC646IdnYznEdtc8L310hLwsaFUkc6ZJlj1vVYfq2968mc48ZIGGlq6AMUSQQr\nSBJ8sfOq39yOu9wUsg0rrYeiZi82yrhwIpy8LmlIetZcMbChj56PDLCO/KQd0n3+\nOqhnpqFfMUhKXLh4fROJftMCAwEAAQ==\n-----END PUBLIC KEY-----\n",
            "rsa_bits": 4096
          },
          "sensitive_attributes": [],
          "create_before_destroy": true
        }
      ]
    },
    {
      "module": "module.compute_instance[\"dynatrace\"]",
      "mode": "data",
      "type": "google_compute_zones",
      "name": "available",
      "provider": "provider[\"registry.terraform.io/hashicorp/google\"]",
      "instances": [
        {
          "schema_version": 0,
          "attributes": {
            "id": "projects/proven-answer-414613/regions/us-west1",
            "names": [
              "us-west1-a",
              "us-west1-b",
              "us-west1-c"
            ],
            "project": "proven-answer-414613",
            "region": "us-west1",
            "status": null
          },
          "sensitive_attributes": []
        }
      ]
    },
    {
      "module": "module.compute_instance[\"dynatrace\"]",
      "mode": "managed",
      "type": "google_compute_instance_from_template",
      "name": "compute_instance",
      "provider": "provider[\"registry.terraform.io/hashicorp/google\"]",
      "instances": [
        {
          "index_key": 0,
          "schema_version": 0,
          "attributes": {
            "advanced_machine_features": [],
            "allow_stopping_for_update": null,
            "attached_disk": [
              {
                "device_name": "disk-0",
                "disk_encryption_key_raw": "",
                "disk_encryption_key_sha256": "",
                "kms_key_self_link": "",
                "mode": "READ_WRITE",
                "source": "https://www.googleapis.com/compute/v1/projects/proven-answer-414613/zones/us-west1-a/disks/disk-0"
              }
            ],
            "boot_disk": [
              {
                "auto_delete": true,
                "device_name": "persistent-disk-0",
                "disk_encryption_key_raw": "",
                "disk_encryption_key_sha256": "",
                "initialize_params": [
                  {
                    "image": "https://www.googleapis.com/compute/v1/projects/centos-cloud/global/images/centos-stream-8-v20221102",
                    "labels": {},
                    "resource_manager_tags": {},
                    "size": 500,
                    "type": "pd-standard"
                  }
                ],
                "kms_key_self_link": "",
                "mode": "READ_WRITE",
                "source": "https://www.googleapis.com/compute/v1/projects/proven-answer-414613/zones/us-west1-a/disks/labs-dynatrace-001"
              }
            ],
            "can_ip_forward": false,
            "confidential_instance_config": [],
            "cpu_platform": "Intel Broadwell",
            "current_status": "RUNNING",
            "deletion_protection": false,
            "description": "",
            "desired_status": null,
            "enable_display": false,
            "guest_accelerator": [],
            "hostname": "",
            "id": "projects/proven-answer-414613/zones/us-west1-a/instances/labs-dynatrace-001",
            "instance_id": "7034689811564086940",
            "label_fingerprint": "AsqOi4UzHaE=",
            "labels": {
              "application": "dynatrace",
              "delete": "false",
              "env": "labs",
              "owner": "sniper"
            },
            "machine_type": "e2-standard-4",
            "metadata": {
              "block-project-ssh-keys": "true",
              "sshKeys": "centos:ssh-rsa AAAAB3NzaC1yc2EAAAADAQABAAACAQDNMNr+72ZmV3JutV19MsQOGGCxkgE2l2+aiy6IV3Q46rqiwx9GS3SEz88G+U5wt4MLW5aYNxaqfLQakQxA/F8ZT51jACTWCOf9PCUD1566CmCQBZaiHYS2RcUIh0x31gXbX5QQwOtH6HSN3PppVJw5xV/AtbewkomIN6hp1s4Z7h6lPpDOI/sTSQP9uIc4e9tBlNe72bMhd65HS8oXGzOxP9kXJI+DXiRDT3ZIMfmMnbfAOLdTac0/ZUpApEUJ43Q6KH4F9oZRpOp2cel9o10GcE+hMSqqSSuC7ZfI27HPUiWFPlIJn/CikbxNqryURloHgRlf+KpOCP+h9+1M5ubfhcFWSvcvvJWQXNeaJETUA03q2A+jXmyIgITWhPySStGkWoHCsYMY2PqD7N+09NVKdMqWOR5PP+4XmoS6I8MGbooDNTRTB0m8Mdje4eeIenTMYIalV5FLVRZjCLsMQqQuxBElA3BtT07/LQdd4NrJFx4tV2dZHqF/mjZ0KEzXXo832HtR6rtONlJ36IBuIgZQNILrjoh2djOcR21zwvfXSEvCxoVSRzpkmWPW9Vh+rb3ryZzjxkgYaWroAxRJBCtIEnyx86rf3I673BSyDSuth6JmLzbKuHAinLwuaUh61lwxsKGPno8MsI78pB3Sff46qGemoV8xSEpcuHh9E4l+0w==\n"
            },
            "metadata_fingerprint": "sJMUfOC_Xvk=",
            "metadata_startup_script": null,
            "min_cpu_platform": "",
            "name": "labs-dynatrace-001",
            "network_interface": [
              {
                "access_config": [],
                "alias_ip_range": [],
                "internal_ipv6_prefix_length": 0,
                "ipv6_access_config": [],
                "ipv6_access_type": "",
                "ipv6_address": "",
                "name": "nic0",
                "network": "https://www.googleapis.com/compute/v1/projects/proven-answer-414613/global/networks/default",
                "network_ip": "10.138.0.9",
                "nic_type": "",
                "queue_count": 0,
                "stack_type": "IPV4_ONLY",
                "subnetwork": "https://www.googleapis.com/compute/v1/projects/proven-answer-414613/regions/us-west1/subnetworks/default",
                "subnetwork_project": "proven-answer-414613"
              }
            ],
            "network_performance_config": [],
            "params": null,
            "project": "proven-answer-414613",
            "reservation_affinity": [],
            "resource_policies": [],
            "scheduling": [
              {
                "automatic_restart": true,
                "instance_termination_action": "",
                "local_ssd_recovery_timeout": [],
                "min_node_cpus": 0,
                "node_affinities": [],
                "on_host_maintenance": "MIGRATE",
                "preemptible": false,
                "provisioning_model": "STANDARD"
              }
            ],
            "scratch_disk": [],
            "self_link": "https://www.googleapis.com/compute/v1/projects/proven-answer-414613/zones/us-west1-a/instances/labs-dynatrace-001",
            "service_account": [
              {
                "email": "vm-dynatrace-sa@proven-answer-414613.iam.gserviceaccount.com",
                "scopes": [
                  "https://www.googleapis.com/auth/cloud-platform"
                ]
              }
            ],
            "shielded_instance_config": [
              {
                "enable_integrity_monitoring": true,
                "enable_secure_boot": false,
                "enable_vtpm": true
              }
            ],
            "source_instance_template": "https://www.googleapis.com/compute/v1/projects/proven-answer-414613/global/instanceTemplates/default-instance-template-20240321090538859100000001",
            "tags": [
              "dynatrace"
            ],
            "tags_fingerprint": "ZW3FZNGUBpQ=",
            "timeouts": null,
            "zone": "us-west1-a"
          },
          "sensitive_attributes": [],
          "private": "eyJlMmJmYjczMC1lY2FhLTExZTYtOGY4OC0zNDM2M2JjN2M0YzAiOnsiY3JlYXRlIjoxMjAwMDAwMDAwMDAwLCJkZWxldGUiOjEyMDAwMDAwMDAwMDAsInVwZGF0ZSI6MTIwMDAwMDAwMDAwMH19",
          "dependencies": [
            "module.compute_instance.data.google_compute_zones.available",
            "module.instance_template.google_compute_instance_template.tpl",
            "module.service_accounts.google_billing_account_iam_member.billing_user",
            "module.service_accounts.google_organization_iam_member.billing_user",
            "module.service_accounts.google_organization_iam_member.organization_viewer",
            "module.service_accounts.google_organization_iam_member.xpn_admin",
            "module.service_accounts.google_project_iam_member.project-roles",
            "module.service_accounts.google_service_account.service_accounts",
            "module.service_accounts.google_service_account_key.keys",
            "tls_private_key.private_key_pair"
          ]
        },
        {
          "index_key": 1,
          "schema_version": 0,
          "attributes": {
            "advanced_machine_features": [],
            "allow_stopping_for_update": null,
            "attached_disk": [
              {
                "device_name": "disk-0",
                "disk_encryption_key_raw": "",
                "disk_encryption_key_sha256": "",
                "kms_key_self_link": "",
                "mode": "READ_WRITE",
                "source": "https://www.googleapis.com/compute/v1/projects/proven-answer-414613/zones/us-west1-b/disks/disk-0"
              }
            ],
            "boot_disk": [
              {
                "auto_delete": true,
                "device_name": "persistent-disk-0",
                "disk_encryption_key_raw": "",
                "disk_encryption_key_sha256": "",
                "initialize_params": [
                  {
                    "image": "https://www.googleapis.com/compute/v1/projects/centos-cloud/global/images/centos-stream-8-v20221102",
                    "labels": {},
                    "resource_manager_tags": {},
                    "size": 500,
                    "type": "pd-standard"
                  }
                ],
                "kms_key_self_link": "",
                "mode": "READ_WRITE",
                "source": "https://www.googleapis.com/compute/v1/projects/proven-answer-414613/zones/us-west1-b/disks/labs-dynatrace-002"
              }
            ],
            "can_ip_forward": false,
            "confidential_instance_config": [],
            "cpu_platform": "Intel Broadwell",
            "current_status": "RUNNING",
            "deletion_protection": false,
            "description": "",
            "desired_status": null,
            "enable_display": false,
            "guest_accelerator": [],
            "hostname": "",
            "id": "projects/proven-answer-414613/zones/us-west1-b/instances/labs-dynatrace-002",
            "instance_id": "607596416484132508",
            "label_fingerprint": "AsqOi4UzHaE=",
            "labels": {
              "application": "dynatrace",
              "delete": "false",
              "env": "labs",
              "owner": "sniper"
            },
            "machine_type": "e2-standard-4",
            "metadata": {
              "block-project-ssh-keys": "true",
              "sshKeys": "centos:ssh-rsa AAAAB3NzaC1yc2EAAAADAQABAAACAQDNMNr+72ZmV3JutV19MsQOGGCxkgE2l2+aiy6IV3Q46rqiwx9GS3SEz88G+U5wt4MLW5aYNxaqfLQakQxA/F8ZT51jACTWCOf9PCUD1566CmCQBZaiHYS2RcUIh0x31gXbX5QQwOtH6HSN3PppVJw5xV/AtbewkomIN6hp1s4Z7h6lPpDOI/sTSQP9uIc4e9tBlNe72bMhd65HS8oXGzOxP9kXJI+DXiRDT3ZIMfmMnbfAOLdTac0/ZUpApEUJ43Q6KH4F9oZRpOp2cel9o10GcE+hMSqqSSuC7ZfI27HPUiWFPlIJn/CikbxNqryURloHgRlf+KpOCP+h9+1M5ubfhcFWSvcvvJWQXNeaJETUA03q2A+jXmyIgITWhPySStGkWoHCsYMY2PqD7N+09NVKdMqWOR5PP+4XmoS6I8MGbooDNTRTB0m8Mdje4eeIenTMYIalV5FLVRZjCLsMQqQuxBElA3BtT07/LQdd4NrJFx4tV2dZHqF/mjZ0KEzXXo832HtR6rtONlJ36IBuIgZQNILrjoh2djOcR21zwvfXSEvCxoVSRzpkmWPW9Vh+rb3ryZzjxkgYaWroAxRJBCtIEnyx86rf3I673BSyDSuth6JmLzbKuHAinLwuaUh61lwxsKGPno8MsI78pB3Sff46qGemoV8xSEpcuHh9E4l+0w==\n"
            },
            "metadata_fingerprint": "sJMUfOC_Xvk=",
            "metadata_startup_script": null,
            "min_cpu_platform": "",
            "name": "labs-dynatrace-002",
            "network_interface": [
              {
                "access_config": [],
                "alias_ip_range": [],
                "internal_ipv6_prefix_length": 0,
                "ipv6_access_config": [],
                "ipv6_access_type": "",
                "ipv6_address": "",
                "name": "nic0",
                "network": "https://www.googleapis.com/compute/v1/projects/proven-answer-414613/global/networks/default",
                "network_ip": "10.138.0.8",
                "nic_type": "",
                "queue_count": 0,
                "stack_type": "IPV4_ONLY",
                "subnetwork": "https://www.googleapis.com/compute/v1/projects/proven-answer-414613/regions/us-west1/subnetworks/default",
                "subnetwork_project": "proven-answer-414613"
              }
            ],
            "network_performance_config": [],
            "params": null,
            "project": "proven-answer-414613",
            "reservation_affinity": [],
            "resource_policies": [],
            "scheduling": [
              {
                "automatic_restart": true,
                "instance_termination_action": "",
                "local_ssd_recovery_timeout": [],
                "min_node_cpus": 0,
                "node_affinities": [],
                "on_host_maintenance": "MIGRATE",
                "preemptible": false,
                "provisioning_model": "STANDARD"
              }
            ],
            "scratch_disk": [],
            "self_link": "https://www.googleapis.com/compute/v1/projects/proven-answer-414613/zones/us-west1-b/instances/labs-dynatrace-002",
            "service_account": [
              {
                "email": "vm-dynatrace-sa@proven-answer-414613.iam.gserviceaccount.com",
                "scopes": [
                  "https://www.googleapis.com/auth/cloud-platform"
                ]
              }
            ],
            "shielded_instance_config": [
              {
                "enable_integrity_monitoring": true,
                "enable_secure_boot": false,
                "enable_vtpm": true
              }
            ],
            "source_instance_template": "https://www.googleapis.com/compute/v1/projects/proven-answer-414613/global/instanceTemplates/default-instance-template-20240321090538859100000001",
            "tags": [
              "dynatrace"
            ],
            "tags_fingerprint": "ZW3FZNGUBpQ=",
            "timeouts": null,
            "zone": "us-west1-b"
          },
          "sensitive_attributes": [],
          "private": "eyJlMmJmYjczMC1lY2FhLTExZTYtOGY4OC0zNDM2M2JjN2M0YzAiOnsiY3JlYXRlIjoxMjAwMDAwMDAwMDAwLCJkZWxldGUiOjEyMDAwMDAwMDAwMDAsInVwZGF0ZSI6MTIwMDAwMDAwMDAwMH19",
          "dependencies": [
            "module.compute_instance.data.google_compute_zones.available",
            "module.instance_template.google_compute_instance_template.tpl",
            "module.service_accounts.google_billing_account_iam_member.billing_user",
            "module.service_accounts.google_organization_iam_member.billing_user",
            "module.service_accounts.google_organization_iam_member.organization_viewer",
            "module.service_accounts.google_organization_iam_member.xpn_admin",
            "module.service_accounts.google_project_iam_member.project-roles",
            "module.service_accounts.google_service_account.service_accounts",
            "module.service_accounts.google_service_account_key.keys",
            "tls_private_key.private_key_pair"
          ]
        }
      ]
    },
    {
      "module": "module.instance_template[\"dynatrace\"]",
      "mode": "managed",
      "type": "google_compute_instance_template",
      "name": "tpl",
      "provider": "provider[\"registry.terraform.io/hashicorp/google\"]",
      "instances": [
        {
          "schema_version": 1,
          "attributes": {
            "advanced_machine_features": [
              {
                "enable_nested_virtualization": false,
                "threads_per_core": 0,
                "visible_core_count": 0
              }
            ],
            "can_ip_forward": false,
            "confidential_instance_config": [
              {
                "enable_confidential_compute": false
              }
            ],
            "description": "",
            "disk": [
              {
                "auto_delete": true,
                "boot": true,
                "device_name": "persistent-disk-0",
                "disk_encryption_key": [],
                "disk_name": "",
                "disk_size_gb": 500,
                "disk_type": "pd-standard",
                "interface": "SCSI",
                "labels": null,
                "mode": "READ_WRITE",
                "provisioned_iops": 0,
                "resource_policies": null,
                "source": "",
                "source_image": "projects/centos-cloud/global/images/centos-stream-8-v20221102",
                "source_image_encryption_key": [],
                "source_snapshot": "",
                "source_snapshot_encryption_key": [],
                "type": "PERSISTENT"
              },
              {
                "auto_delete": true,
                "boot": false,
                "device_name": "disk-0",
                "disk_encryption_key": [],
                "disk_name": "disk-0",
                "disk_size_gb": 500,
                "disk_type": "pd-standard",
                "interface": "SCSI",
                "labels": null,
                "mode": "READ_WRITE",
                "provisioned_iops": 0,
                "resource_policies": null,
                "source": "",
                "source_image": "",
                "source_image_encryption_key": [],
                "source_snapshot": "",
                "source_snapshot_encryption_key": [],
                "type": "PERSISTENT"
              }
            ],
            "guest_accelerator": [],
            "id": "projects/proven-answer-414613/global/instanceTemplates/default-instance-template-20240321090538859100000001",
            "instance_description": "",
            "labels": {
              "application": "dynatrace",
              "delete": "false",
              "env": "labs",
              "owner": "sniper"
            },
            "machine_type": "e2-standard-4",
            "metadata": {
              "block-project-ssh-keys": "true",
              "sshKeys": "centos:ssh-rsa AAAAB3NzaC1yc2EAAAADAQABAAACAQDNMNr+72ZmV3JutV19MsQOGGCxkgE2l2+aiy6IV3Q46rqiwx9GS3SEz88G+U5wt4MLW5aYNxaqfLQakQxA/F8ZT51jACTWCOf9PCUD1566CmCQBZaiHYS2RcUIh0x31gXbX5QQwOtH6HSN3PppVJw5xV/AtbewkomIN6hp1s4Z7h6lPpDOI/sTSQP9uIc4e9tBlNe72bMhd65HS8oXGzOxP9kXJI+DXiRDT3ZIMfmMnbfAOLdTac0/ZUpApEUJ43Q6KH4F9oZRpOp2cel9o10GcE+hMSqqSSuC7ZfI27HPUiWFPlIJn/CikbxNqryURloHgRlf+KpOCP+h9+1M5ubfhcFWSvcvvJWQXNeaJETUA03q2A+jXmyIgITWhPySStGkWoHCsYMY2PqD7N+09NVKdMqWOR5PP+4XmoS6I8MGbooDNTRTB0m8Mdje4eeIenTMYIalV5FLVRZjCLsMQqQuxBElA3BtT07/LQdd4NrJFx4tV2dZHqF/mjZ0KEzXXo832HtR6rtONlJ36IBuIgZQNILrjoh2djOcR21zwvfXSEvCxoVSRzpkmWPW9Vh+rb3ryZzjxkgYaWroAxRJBCtIEnyx86rf3I673BSyDSuth6JmLzbKuHAinLwuaUh61lwxsKGPno8MsI78pB3Sff46qGemoV8xSEpcuHh9E4l+0w==\n"
            },
            "metadata_fingerprint": "sJMUfOC_Xvk=",
            "metadata_startup_script": "",
            "min_cpu_platform": "",
            "name": "default-instance-template-20240321090538859100000001",
            "name_prefix": "default-instance-template-",
            "network_interface": [
              {
                "access_config": [],
                "alias_ip_range": [],
                "internal_ipv6_prefix_length": 0,
                "ipv6_access_config": [],
                "ipv6_access_type": "",
                "ipv6_address": "",
                "name": "nic0",
                "network": "https://www.googleapis.com/compute/v1/projects/proven-answer-414613/global/networks/default",
                "network_ip": "",
                "nic_type": "",
                "queue_count": 0,
                "stack_type": "",
                "subnetwork": "https://www.googleapis.com/compute/v1/projects/proven-answer-414613/regions/us-west1/subnetworks/default",
                "subnetwork_project": "proven-answer-414613"
              }
            ],
            "network_performance_config": [],
            "project": "proven-answer-414613",
            "region": "us-west1",
            "reservation_affinity": [],
            "resource_policies": null,
            "scheduling": [
              {
                "automatic_restart": true,
                "instance_termination_action": "",
                "local_ssd_recovery_timeout": [],
                "min_node_cpus": 0,
                "node_affinities": [],
                "on_host_maintenance": "MIGRATE",
                "preemptible": false,
                "provisioning_model": "STANDARD"
              }
            ],
            "self_link": "https://www.googleapis.com/compute/v1/projects/proven-answer-414613/global/instanceTemplates/default-instance-template-20240321090538859100000001",
            "self_link_unique": "https://www.googleapis.com/compute/v1/projects/proven-answer-414613/global/instanceTemplates/default-instance-template-20240321090538859100000001?uniqueId=2589148126171776651",
            "service_account": [
              {
                "email": "vm-dynatrace-sa@proven-answer-414613.iam.gserviceaccount.com",
                "scopes": [
                  "https://www.googleapis.com/auth/cloud-platform"
                ]
              }
            ],
            "shielded_instance_config": [],
            "tags": [
              "dynatrace"
            ],
            "tags_fingerprint": "",
            "timeouts": null
          },
          "sensitive_attributes": [],
          "private": "eyJlMmJmYjczMC1lY2FhLTExZTYtOGY4OC0zNDM2M2JjN2M0YzAiOnsiY3JlYXRlIjoyNDAwMDAwMDAwMDAsImRlbGV0ZSI6MjQwMDAwMDAwMDAwfSwic2NoZW1hX3ZlcnNpb24iOiIxIn0=",
          "dependencies": [
            "module.service_accounts.google_billing_account_iam_member.billing_user",
            "module.service_accounts.google_organization_iam_member.billing_user",
            "module.service_accounts.google_organization_iam_member.organization_viewer",
            "module.service_accounts.google_organization_iam_member.xpn_admin",
            "module.service_accounts.google_project_iam_member.project-roles",
            "module.service_accounts.google_service_account.service_accounts",
            "module.service_accounts.google_service_account_key.keys",
            "tls_private_key.private_key_pair"
          ],
          "create_before_destroy": true
        }
      ]
    },
    {
      "module": "module.service_accounts[\"dynatrace\"]",
      "mode": "managed",
      "type": "google_project_iam_member",
      "name": "project-roles",
      "provider": "provider[\"registry.terraform.io/hashicorp/google\"]",
      "instances": [
        {
          "index_key": "vm-dynatrace-sa-proven-answer-414613=\u003eroles/compute.instanceAdmin.v1",
          "schema_version": 0,
          "attributes": {
            "condition": [],
            "etag": "BwYUKAJoyLc=",
            "id": "proven-answer-414613/roles/compute.instanceAdmin.v1/serviceAccount:vm-dynatrace-sa@proven-answer-414613.iam.gserviceaccount.com",
            "member": "serviceAccount:vm-dynatrace-sa@proven-answer-414613.iam.gserviceaccount.com",
            "project": "proven-answer-414613",
            "role": "roles/compute.instanceAdmin.v1"
          },
          "sensitive_attributes": [],
          "private": "bnVsbA==",
          "dependencies": [
            "module.service_accounts.google_service_account.service_accounts"
          ],
          "create_before_destroy": true
        },
        {
          "index_key": "vm-dynatrace-sa-proven-answer-414613=\u003eroles/iap.tunnelResourceAccessor",
          "schema_version": 0,
          "attributes": {
            "condition": [],
            "etag": "BwYUKAJoyLc=",
            "id": "proven-answer-414613/roles/iap.tunnelResourceAccessor/serviceAccount:vm-dynatrace-sa@proven-answer-414613.iam.gserviceaccount.com",
            "member": "serviceAccount:vm-dynatrace-sa@proven-answer-414613.iam.gserviceaccount.com",
            "project": "proven-answer-414613",
            "role": "roles/iap.tunnelResourceAccessor"
          },
          "sensitive_attributes": [],
          "private": "bnVsbA==",
          "dependencies": [
            "module.service_accounts.google_service_account.service_accounts"
          ],
          "create_before_destroy": true
        },
        {
          "index_key": "vm-dynatrace-sa-proven-answer-414613=\u003eroles/logging.logWriter",
          "schema_version": 0,
          "attributes": {
            "condition": [],
            "etag": "BwYUKAJoyLc=",
            "id": "proven-answer-414613/roles/logging.logWriter/serviceAccount:vm-dynatrace-sa@proven-answer-414613.iam.gserviceaccount.com",
            "member": "serviceAccount:vm-dynatrace-sa@proven-answer-414613.iam.gserviceaccount.com",
            "project": "proven-answer-414613",
            "role": "roles/logging.logWriter"
          },
          "sensitive_attributes": [],
          "private": "bnVsbA==",
          "dependencies": [
            "module.service_accounts.google_service_account.service_accounts"
          ],
          "create_before_destroy": true
        },
        {
          "index_key": "vm-dynatrace-sa-proven-answer-414613=\u003eroles/monitoring.metricWriter",
          "schema_version": 0,
          "attributes": {
            "condition": [],
            "etag": "BwYUKAJoyLc=",
            "id": "proven-answer-414613/roles/monitoring.metricWriter/serviceAccount:vm-dynatrace-sa@proven-answer-414613.iam.gserviceaccount.com",
            "member": "serviceAccount:vm-dynatrace-sa@proven-answer-414613.iam.gserviceaccount.com",
            "project": "proven-answer-414613",
            "role": "roles/monitoring.metricWriter"
          },
          "sensitive_attributes": [],
          "private": "bnVsbA==",
          "dependencies": [
            "module.service_accounts.google_service_account.service_accounts"
          ],
          "create_before_destroy": true
        }
      ]
    },
    {
      "module": "module.service_accounts[\"dynatrace\"]",
      "mode": "managed",
      "type": "google_service_account",
      "name": "service_accounts",
      "provider": "provider[\"registry.terraform.io/hashicorp/google\"]",
      "instances": [
        {
          "index_key": "vm-dynatrace-sa",
          "schema_version": 0,
          "attributes": {
            "account_id": "vm-dynatrace-sa",
            "description": "",
            "disabled": false,
            "display_name": "Terraform-managed service account",
            "email": "vm-dynatrace-sa@proven-answer-414613.iam.gserviceaccount.com",
            "id": "projects/proven-answer-414613/serviceAccounts/vm-dynatrace-sa@proven-answer-414613.iam.gserviceaccount.com",
            "member": "serviceAccount:vm-dynatrace-sa@proven-answer-414613.iam.gserviceaccount.com",
            "name": "projects/proven-answer-414613/serviceAccounts/vm-dynatrace-sa@proven-answer-414613.iam.gserviceaccount.com",
            "project": "proven-answer-414613",
            "timeouts": null,
            "unique_id": "105205237721418800215"
          },
          "sensitive_attributes": [],
          "private": "eyJlMmJmYjczMC1lY2FhLTExZTYtOGY4OC0zNDM2M2JjN2M0YzAiOnsiY3JlYXRlIjozMDAwMDAwMDAwMDB9fQ==",
          "create_before_destroy": true
        }
      ]
    },
    {
      "module": "module.service_accounts[\"dynatrace\"]",
      "mode": "managed",
      "type": "google_service_account_key",
      "name": "keys",
      "provider": "provider[\"registry.terraform.io/hashicorp/google\"]",
      "instances": []
    }
  ],
  "check_results": null
}
