{
  "version": 4,
  "terraform_version": "1.7.4",
  "serial": 512,
  "lineage": "c5c248cb-ee2e-9b4b-7234-4faf7ebaeb31",
  "outputs": {
    "addresses": {
      "value": {
        "server-dynatrace": [
          "10.138.0.16"
        ]
      },
      "type": [
        "object",
        {
          "server-dynatrace": [
            "tuple",
            [
              "string"
            ]
          ]
        }
      ]
    },
    "rule": {
      "value": "labs-dynatrace-ssh",
      "type": "string"
    },
    "servers": {
      "value": {
        "dynatrace": {
          "additional_service_account_roles": [],
          "additional_ssh_allow_cidr": [],
          "instance_config": {
            "additional_disk_name": "disk-0",
            "additional_disk_size": 30,
            "additional_disk_type": "pd-standard",
            "allow_stopping_for_update": true,
            "automatic_restart": true,
            "count": 1,
            "deletion_protection": false,
            "gce_user": "centos",
            "machine_type": "e2-standard-4",
            "os_type": "linux",
            "root_disk_size": 20,
            "root_disk_type": "pd-ssd",
            "source_image": "centos-stream-8-v20221102"
          },
          "labels": {
            "application": "dynatrace",
            "owner": "sniper"
          },
          "name": "dynatrace",
          "tags": [
            "dynatrace"
          ]
        }
      },
      "type": [
        "object",
        {
          "dynatrace": [
            "object",
            {
              "additional_service_account_roles": [
                "tuple",
                []
              ],
              "additional_ssh_allow_cidr": [
                "tuple",
                []
              ],
              "instance_config": [
                "object",
                {
                  "additional_disk_name": "string",
                  "additional_disk_size": "number",
                  "additional_disk_type": "string",
                  "allow_stopping_for_update": "bool",
                  "automatic_restart": "bool",
                  "count": "number",
                  "deletion_protection": "bool",
                  "gce_user": "string",
                  "machine_type": "string",
                  "os_type": "string",
                  "root_disk_size": "number",
                  "root_disk_type": "string",
                  "source_image": "string"
                }
              ],
              "labels": [
                "object",
                {
                  "application": "string",
                  "owner": "string"
                }
              ],
              "name": "string",
              "tags": [
                "tuple",
                [
                  "string"
                ]
              ]
            }
          ]
        }
      ]
    }
  },
  "resources": [
    {
      "mode": "data",
      "type": "google_compute_zones",
      "name": "available",
      "provider": "provider[\"registry.terraform.io/hashicorp/google\"]",
      "instances": [
        {
          "schema_version": 0,
          "attributes": {
            "id": "projects/proven-answer-414613/regions/us-west1",
            "names": [
              "us-west1-a",
              "us-west1-b",
              "us-west1-c"
            ],
            "project": "proven-answer-414613",
            "region": "us-west1",
            "status": null
          },
          "sensitive_attributes": []
        }
      ]
    },
    {
      "mode": "managed",
      "type": "google_compute_firewall",
      "name": "rule",
      "provider": "provider[\"registry.terraform.io/hashicorp/google\"]",
      "instances": [
        {
          "index_key": "dynatrace",
          "schema_version": 1,
          "attributes": {
            "allow": [
              {
                "ports": [
                  "22"
                ],
                "protocol": "tcp"
              }
            ],
            "creation_timestamp": "2024-03-21T11:02:16.412-07:00",
            "deny": [],
            "description": "",
            "destination_ranges": [],
            "direction": "INGRESS",
            "disabled": false,
            "enable_logging": null,
            "id": "projects/proven-answer-414613/global/firewalls/labs-dynatrace-ssh",
            "log_config": [],
            "name": "labs-dynatrace-ssh",
            "network": "https://www.googleapis.com/compute/v1/projects/proven-answer-414613/global/networks/default",
            "priority": 1,
            "project": "proven-answer-414613",
            "self_link": "https://www.googleapis.com/compute/v1/projects/proven-answer-414613/global/firewalls/labs-dynatrace-ssh",
            "source_ranges": [
              "192.168.5.0/24"
            ],
            "source_service_accounts": null,
            "source_tags": null,
            "target_service_accounts": null,
            "target_tags": [
              "dynatrace"
            ],
            "timeouts": null
          },
          "sensitive_attributes": [],
          "private": "eyJlMmJmYjczMC1lY2FhLTExZTYtOGY4OC0zNDM2M2JjN2M0YzAiOnsiY3JlYXRlIjoxMjAwMDAwMDAwMDAwLCJkZWxldGUiOjEyMDAwMDAwMDAwMDAsInVwZGF0ZSI6MTIwMDAwMDAwMDAwMH0sInNjaGVtYV92ZXJzaW9uIjoiMSJ9"
        }
      ]
    },
    {
      "mode": "managed",
      "type": "local_sensitive_file",
      "name": "ssh_key",
      "provider": "provider[\"registry.terraform.io/hashicorp/local\"]",
      "instances": [
        {
          "index_key": "dynatrace",
          "schema_version": 0,
          "attributes": {
            "content": "-----BEGIN RSA PRIVATE KEY-----\nMIIJKQIBAAKCAgEA45iul3G8GrtjaSbd6xNbBnupz1DgnIUeVC6z8RNRFh+7ZgDi\nbsv3hMxynFP46K3n4mEIJuwjdlALKyDOCGSXofKHzOKSBc7FlyXZVYyzWg+gXDJ+\n/suym92eaMuIoJkSyxXRsUr/x0g3vCj+wQwMYc87/nJLO/DCvQgrLbhjIE1AD40T\nZjh6JJRdGUHSAl3LS98BfeBxAVsONOduXYiUuHQbXceRZJ01mj0MyXBUj1Pzp/EY\nZh2boq/RMbkQe5iKmtm887Hj6XHK7ReA3SFuBVxDshwsr8BeIRGDbZw3oo6ACeAN\n4EokNFh87hu+WpO9G15Cvo2NlS2eKrABchs0sPOUsRKrBUKh+R5tRPrnhtLseZSd\nvmxe7AaqduT7ebTBlSuWUHbqZAoEWsDHwFTRqcOV9Km4srE3XahQtw8nYasQ4Yr3\nkyNlQxJQOQBA9P3B8+lCuLARn0LFV+5BjxLKHmavIUDxrWYIEwxnuEWgf6y3p8wX\nNusa7Wzg8qzS/AncMIYq/4ooVF9JWgLa1JuqBM6AFi6Do4dNS7JeiBvll+85p3Wh\nmZdmTrXr3+B7GAqHoANtSlp+CEOtB8Br7G3bBVudT5Uxzj7oGtCTnw2RgHaEIr1n\n2WMKr2fbZjUDBDulx9/JXSIQn65j4aW7ZtArcY8nRIOMABhIeaXRVd42LpsCAwEA\nAQKCAgEAvC8GTRoxWjkOnWcRnslGPjoJ0e0hislWpmxnRDGgnhZmsJSSpOHpKtiQ\n+0lDScBhNwDb6LLfL3hHg8WAFdh2t+T8/B9qdXreTXdyGBZaRWEeSp1F/A8ZA19f\nF28S7RckPt8vntRQYMoJq36KBbyckFL1XBHMuyb7HamfahJHg/Hbwf/3xlF0TMKP\np86QgnxjF7ywUxA8384WFRA2ZQgFT+5Qol3cjcCfDYTlCbnjcQ8NLBNhBS39/ao5\n4k8OneMm15qpbSXtOJxqGVeRqUV23t/G6YH6QOdh7R25+ets5O/GVmP3lTg4bz+r\nLIWsAuCdP//UWBJauroZSVp2F47/JLFEKaumvfnZU42PjTaiETK6/2+XNoa6IrUI\nocRSk+A2ef1LY0CvRMHijiRRPbFVS0kkoMPPwOgYIwnbtWhCx3bt9JRvm0XGJEGx\n9zBiEJ+JBXiy5iR8tjjq3GQ6QQuOk3sWHVZn3gVeOFyiP9Py+qJL0tTfDOFJaPrt\nE9AtRAMRwP+BP69KG8tSw1ErmUiHPK5ta5Cy6gRhm6RgP/8g+uWF011kzXG0bOSm\n3bkk05tKq1h32MREz8dATquRlLCKktO0aH7B0WbsjQ/240AVkzfSPTK1nuLplIkh\neF019XlZV8xZGeeK6yi1Zb9VdTiCDEvIKbHFpTYFJljdZLYSAsECggEBAPYegBpQ\n/4HAXO1q4BQSAwT5BEv768Q0SZU6vStH5c3xzJPrNY8wuPQGzCJXp7cdQHhFHXF6\nvvA+H8iiUmR2nok6z7jmok8EHFNJb88wLgLOQ+JlUXtrgnLhjVgk0bQycFm/KaAM\nEBX0br0q5cRtaOoKSBh+EnAOTbP8LDSf+4gLEfo7E71I3pTrxtZbrwos/EPb46ke\nENNzr2CT3VUkpuK/XwI1ncuj1yEcRgqwnazZs8Ydb9uIY9xxgqJlM5+Y3eEjbnR/\nWAtV34bLnWuKO/WoFUVdckDv+4YFmeTWGL0nQgnGSpb3k4+TO+mbJZzPk7gLLq5Z\nH30ikTE/LAIbm4MCggEBAOy70EFZd34jyAnDn5+wiK0bVv+LU0MLbbR8maIsQQ/m\n4mg2CNbRvIqbsELddqe0xHYn9QS50dpd0QkXQdINapdBrCR50kkGaptRulimMUTy\nCe5yrWlbxvRbMkeLUelgCEH+O4+2ta8vX+0Sxh3c3ihLbKlnW+xiPH3ZYuAg6p9h\n8mpw12heh28F/jBWgZjRbCQFEuCQXMEi81ANuz0e9uBK7Ckntq1YYpADH05JQW2e\nK0QBXiISjf2sKC58CMmTTTll2PL+Kb1vjis0tOV375KnYaHnSMz9PpzGgNNBEgww\n2ZliuCLgRHk3auK3wC4qY9Tb2MkqE3qTvJXjTO96vQkCggEAXAAWvr+cYzI3CoCy\n9o2tF0TGeGjZPuSUxPXKFM2xd4R1hq2bvcTmvkF0OTou9WI34T1kvjC2AzQVyXfz\n+J3msUGMuH9uGL9enzuKUhaefGoCMjTReqM7hhoOLe7FfOiF2uZ8dtlLggl3A7tv\nXDfRyfrB7HXkCoMuRKN1Gs7axYXt2G4Q+OauXVitYR+wlMswGWWu+l7Ex2YtHprn\nV5Z107jZmQfVznOWTUg2XnSa3Cwc6WfDknqvaY382Rufan9IIYqPFXksvkABaG/g\njnyD4VZNbTp7JQ8QJI8fcc0ePkbYhrLa2wf83uSYtsBKFQ37GAcGEiI6hRpQz+nf\nV4JeZQKCAQBfwZR6aoLwDe8jK/LMOC8AvldRZHzYWK4WXHQUagwjL4QTHRA0PIAk\nHNeOJGCTc4YoOP9d2v/scRhVsgeYvH6KEjFcS75odWT30HYs14SEW9bykYZdYJc4\nTg8na05FtOeCMiDLf987rlEB5x8mAyoFaITafQlss0u+qAjbmdTthUP2FBC9kcb8\nfJMV4FfphYRViYvaM+qg4M9EaVl8XqMDlKqz9vFoaqDrmae3FeCWQ21Cw77cz16J\n5nIWY2t2hdOtzOmVWINvscjy5w3o57uLOZM/VvtWl3UVGyIO0XpIXhYWehz7VnW8\nBlOAw0zEH7dj6U1mCVP5t/qHMnrzP1VpAoIBAQCcAgsvmpVPB3W2M9gWsFLM7bq3\nzm/Q/W7zwVtyx3Ne/lR2l15v33Cje/BlMYGlUSM9r3K89n8i8ZzW5Gyo1s5rspT9\ncPRpHJyf99cuzGzeUKpUVuDr6frnsXqdSXJlcqMsANWIzpoLbw1r3nVTHqVtGUYV\nKDxUXPeGQfqXqyGxDyFWAJJtUsoGH7VskAY5uHbo5GXBhBshtPPZcPi8lPTfJNZ0\nkOCrrdaKsiDQazARGDt6WIiO7eDscnVESwMrj4GhQiC+yRNjTMrTI3RONV1BaP/m\nF7Qx5s1xgKj1/iuz5B+WxYw5m03v/2nuX/Neu7tklm08v6l1CYnt0YL1VvNA\n-----END RSA PRIVATE KEY-----\n",
            "content_base64": null,
            "content_base64sha256": "epCmUPCEFZsWC7TsexGx5VLHZ6lGnUER5ZjV1cBzvVM=",
            "content_base64sha512": "3vRcpsSRByh219lHttv014aKFAjUXNMKIF4GvMtPlDk+HFbx1YPQ8B46RUR2I+At7jZglohgbyDnNPkHWjbPJQ==",
            "content_md5": "3236b2e2d687c111af611e3651c397e1",
            "content_sha1": "d6a81a77c51ef15b262d851c2f991da7f736b282",
            "content_sha256": "7a90a650f084159b160bb4ec7b11b1e552c767a9469d4111e598d5d5c073bd53",
            "content_sha512": "def45ca6c491072876d7d947b6dbf4d7868a1408d45cd30a205e06bccb4f94393e1c56f1d583d0f01e3a45447623e02dee36609688606f20e734f9075a36cf25",
            "directory_permission": "0700",
            "file_permission": "0600",
            "filename": "./dynatrace_ssh_key.pem",
            "id": "d6a81a77c51ef15b262d851c2f991da7f736b282",
            "source": null
          },
          "sensitive_attributes": [
            [
              {
                "type": "get_attr",
                "value": "content"
              }
            ]
          ],
          "dependencies": [
            "tls_private_key.private_key_pair"
          ]
        }
      ]
    },
    {
      "mode": "managed",
      "type": "null_resource",
      "name": "ansible_provisioner",
      "provider": "provider[\"registry.terraform.io/hashicorp/null\"]",
      "instances": [
        {
          "status": "tainted",
          "schema_version": 0,
          "attributes": {
            "id": "758716417",
            "triggers": null
          },
          "sensitive_attributes": [],
          "dependencies": [
            "module.compute_instance.data.google_compute_zones.available",
            "module.compute_instance.google_compute_instance_from_template.compute_instance",
            "module.instance_template.google_compute_instance_template.tpl",
            "module.service_accounts.google_billing_account_iam_member.billing_user",
            "module.service_accounts.google_organization_iam_member.billing_user",
            "module.service_accounts.google_organization_iam_member.organization_viewer",
            "module.service_accounts.google_organization_iam_member.xpn_admin",
            "module.service_accounts.google_project_iam_member.project-roles",
            "module.service_accounts.google_service_account.service_accounts",
            "module.service_accounts.google_service_account_key.keys",
            "tls_private_key.private_key_pair"
          ]
        }
      ]
    },
    {
      "mode": "managed",
      "type": "tls_private_key",
      "name": "private_key_pair",
      "provider": "provider[\"registry.terraform.io/hashicorp/tls\"]",
      "instances": [
        {
          "index_key": "dynatrace",
          "schema_version": 1,
          "attributes": {
            "algorithm": "RSA",
            "ecdsa_curve": "P224",
            "id": "f9d4144d747a472bcfacf6f401f642c938ab595a",
            "private_key_openssh": "-----BEGIN OPENSSH PRIVATE KEY-----\nb3BlbnNzaC1rZXktdjEAAAAABG5vbmUAAAAEbm9uZQAAAAAAAAABAAACFwAAAAdz\nc2gtcnNhAAAAAwEAAQAAAgEA45iul3G8GrtjaSbd6xNbBnupz1DgnIUeVC6z8RNR\nFh+7ZgDibsv3hMxynFP46K3n4mEIJuwjdlALKyDOCGSXofKHzOKSBc7FlyXZVYyz\nWg+gXDJ+/suym92eaMuIoJkSyxXRsUr/x0g3vCj+wQwMYc87/nJLO/DCvQgrLbhj\nIE1AD40TZjh6JJRdGUHSAl3LS98BfeBxAVsONOduXYiUuHQbXceRZJ01mj0MyXBU\nj1Pzp/EYZh2boq/RMbkQe5iKmtm887Hj6XHK7ReA3SFuBVxDshwsr8BeIRGDbZw3\noo6ACeAN4EokNFh87hu+WpO9G15Cvo2NlS2eKrABchs0sPOUsRKrBUKh+R5tRPrn\nhtLseZSdvmxe7AaqduT7ebTBlSuWUHbqZAoEWsDHwFTRqcOV9Km4srE3XahQtw8n\nYasQ4Yr3kyNlQxJQOQBA9P3B8+lCuLARn0LFV+5BjxLKHmavIUDxrWYIEwxnuEWg\nf6y3p8wXNusa7Wzg8qzS/AncMIYq/4ooVF9JWgLa1JuqBM6AFi6Do4dNS7JeiBvl\nl+85p3WhmZdmTrXr3+B7GAqHoANtSlp+CEOtB8Br7G3bBVudT5Uxzj7oGtCTnw2R\ngHaEIr1n2WMKr2fbZjUDBDulx9/JXSIQn65j4aW7ZtArcY8nRIOMABhIeaXRVd42\nLpsAAAc4I9B2TyPQdk8AAAAHc3NoLXJzYQAAAgEA45iul3G8GrtjaSbd6xNbBnup\nz1DgnIUeVC6z8RNRFh+7ZgDibsv3hMxynFP46K3n4mEIJuwjdlALKyDOCGSXofKH\nzOKSBc7FlyXZVYyzWg+gXDJ+/suym92eaMuIoJkSyxXRsUr/x0g3vCj+wQwMYc87\n/nJLO/DCvQgrLbhjIE1AD40TZjh6JJRdGUHSAl3LS98BfeBxAVsONOduXYiUuHQb\nXceRZJ01mj0MyXBUj1Pzp/EYZh2boq/RMbkQe5iKmtm887Hj6XHK7ReA3SFuBVxD\nshwsr8BeIRGDbZw3oo6ACeAN4EokNFh87hu+WpO9G15Cvo2NlS2eKrABchs0sPOU\nsRKrBUKh+R5tRPrnhtLseZSdvmxe7AaqduT7ebTBlSuWUHbqZAoEWsDHwFTRqcOV\n9Km4srE3XahQtw8nYasQ4Yr3kyNlQxJQOQBA9P3B8+lCuLARn0LFV+5BjxLKHmav\nIUDxrWYIEwxnuEWgf6y3p8wXNusa7Wzg8qzS/AncMIYq/4ooVF9JWgLa1JuqBM6A\nFi6Do4dNS7JeiBvll+85p3WhmZdmTrXr3+B7GAqHoANtSlp+CEOtB8Br7G3bBVud\nT5Uxzj7oGtCTnw2RgHaEIr1n2WMKr2fbZjUDBDulx9/JXSIQn65j4aW7ZtArcY8n\nRIOMABhIeaXRVd42LpsAAAADAQABAAACAQC8LwZNGjFaOQ6dZxGeyUY+OgnR7SGK\nyVambGdEMaCeFmawlJKk4ekq2JD7SUNJwGE3ANvost8veEeDxYAV2Ha35Pz8H2p1\net5Nd3IYFlpFYR5KnUX8DxkDX18XbxLtFyQ+3y+e1FBgygmrfooFvJyQUvVcEcy7\nJvsdqZ9qEkeD8dvB//fGUXRMwo+nzpCCfGMXvLBTEDzfzhYVEDZlCAVP7lCiXdyN\nwJ8NhOUJueNxDw0sE2EFLf39qjniTw6d4ybXmqltJe04nGoZV5GpRXbe38bpgfpA\n52HtHbn562zk78ZWY/eVODhvP6sshawC4J0//9RYElq6uhlJWnYXjv8ksUQpq6a9\n+dlTjY+NNqIRMrr/b5c2hroitQihxFKT4DZ5/UtjQK9EweKOJFE9sVVLSSSgw8/A\n6BgjCdu1aELHdu30lG+bRcYkQbH3MGIQn4kFeLLmJHy2OOrcZDpBC46TexYdVmfe\nBV44XKI/0/L6okvS1N8M4Ulo+u0T0C1EAxHA/4E/r0oby1LDUSuZSIc8rm1rkLLq\nBGGbpGA//yD65YXTXWTNcbRs5KbduSTTm0qrWHfYxETPx0BOq5GUsIqS07RofsHR\nZuyND/bjQBWTN9I9MrWe4umUiSF4XTX1eVlXzFkZ54rrKLVlv1V1OIIMS8gpscWl\nNgUmWN1kthICwQAAAQEAnAILL5qVTwd1tjPYFrBSzO26t85v0P1u88FbcsdzXv5U\ndpdeb99wo3vwZTGBpVEjPa9yvPZ/IvGc1uRsqNbOa7KU/XD0aRycn/fXLsxs3lCq\nVFbg6+n657F6nUlyZXKjLADViM6aC28Na951Ux6lbRlGFSg8VFz3hkH6l6shsQ8h\nVgCSbVLKBh+1bJAGObh26ORlwYQbIbTz2XD4vJT03yTWdJDgq63WirIg0GswERg7\neliIju3g7HJ1REsDK4+BoUIgvskTY0zK0yN0TjVdQWj/5he0MebNcYCo9f4rs+Qf\nlsWMOZtN7/9p7l/zXru7ZJZtPL+pdQmJ7dGC9VbzQAAAAQEA9h6AGlD/gcBc7Wrg\nFBIDBPkES/vrxDRJlTq9K0flzfHMk+s1jzC49AbMIlentx1AeEUdcXq+8D4fyKJS\nZHaeiTrPuOaiTwQcU0lvzzAuAs5D4mVRe2uCcuGNWCTRtDJwWb8poAwQFfRuvSrl\nxG1o6gpIGH4ScA5Ns/wsNJ/7iAsR+jsTvUjelOvG1luvCiz8Q9vjqR4Q03OvYJPd\nVSSm4r9fAjWdy6PXIRxGCrCdrNmzxh1v24hj3HGComUzn5jd4SNudH9YC1Xfhsud\na4o79agVRV1yQO/7hgWZ5NYYvSdCCcZKlveTj5M76ZslnM+TuAsurlkffSKRMT8s\nAhubgwAAAQEA7LvQQVl3fiPICcOfn7CIrRtW/4tTQwtttHyZoixBD+biaDYI1tG8\nipuwQt12p7TEdif1BLnR2l3RCRdB0g1ql0GsJHnSSQZqm1G6WKYxRPIJ7nKtaVvG\n9FsyR4tR6WAIQf47j7a1ry9f7RLGHdzeKEtsqWdb7GI8fdli4CDqn2HyanDXaF6H\nbwX+MFaBmNFsJAUS4JBcwSLzUA27PR724ErsKSe2rVhikAMfTklBbZ4rRAFeIhKN\n/awoLnwIyZNNOWXY8v4pvW+OKzS05XfvkqdhoedIzP0+nMaA00ESDDDZmWK4IuBE\neTdq4rfALipj1NvYySoTepO8leNM73q9CQAAAAAB\n-----END OPENSSH PRIVATE KEY-----\n",
            "private_key_pem": "-----BEGIN RSA PRIVATE KEY-----\nMIIJKQIBAAKCAgEA45iul3G8GrtjaSbd6xNbBnupz1DgnIUeVC6z8RNRFh+7ZgDi\nbsv3hMxynFP46K3n4mEIJuwjdlALKyDOCGSXofKHzOKSBc7FlyXZVYyzWg+gXDJ+\n/suym92eaMuIoJkSyxXRsUr/x0g3vCj+wQwMYc87/nJLO/DCvQgrLbhjIE1AD40T\nZjh6JJRdGUHSAl3LS98BfeBxAVsONOduXYiUuHQbXceRZJ01mj0MyXBUj1Pzp/EY\nZh2boq/RMbkQe5iKmtm887Hj6XHK7ReA3SFuBVxDshwsr8BeIRGDbZw3oo6ACeAN\n4EokNFh87hu+WpO9G15Cvo2NlS2eKrABchs0sPOUsRKrBUKh+R5tRPrnhtLseZSd\nvmxe7AaqduT7ebTBlSuWUHbqZAoEWsDHwFTRqcOV9Km4srE3XahQtw8nYasQ4Yr3\nkyNlQxJQOQBA9P3B8+lCuLARn0LFV+5BjxLKHmavIUDxrWYIEwxnuEWgf6y3p8wX\nNusa7Wzg8qzS/AncMIYq/4ooVF9JWgLa1JuqBM6AFi6Do4dNS7JeiBvll+85p3Wh\nmZdmTrXr3+B7GAqHoANtSlp+CEOtB8Br7G3bBVudT5Uxzj7oGtCTnw2RgHaEIr1n\n2WMKr2fbZjUDBDulx9/JXSIQn65j4aW7ZtArcY8nRIOMABhIeaXRVd42LpsCAwEA\nAQKCAgEAvC8GTRoxWjkOnWcRnslGPjoJ0e0hislWpmxnRDGgnhZmsJSSpOHpKtiQ\n+0lDScBhNwDb6LLfL3hHg8WAFdh2t+T8/B9qdXreTXdyGBZaRWEeSp1F/A8ZA19f\nF28S7RckPt8vntRQYMoJq36KBbyckFL1XBHMuyb7HamfahJHg/Hbwf/3xlF0TMKP\np86QgnxjF7ywUxA8384WFRA2ZQgFT+5Qol3cjcCfDYTlCbnjcQ8NLBNhBS39/ao5\n4k8OneMm15qpbSXtOJxqGVeRqUV23t/G6YH6QOdh7R25+ets5O/GVmP3lTg4bz+r\nLIWsAuCdP//UWBJauroZSVp2F47/JLFEKaumvfnZU42PjTaiETK6/2+XNoa6IrUI\nocRSk+A2ef1LY0CvRMHijiRRPbFVS0kkoMPPwOgYIwnbtWhCx3bt9JRvm0XGJEGx\n9zBiEJ+JBXiy5iR8tjjq3GQ6QQuOk3sWHVZn3gVeOFyiP9Py+qJL0tTfDOFJaPrt\nE9AtRAMRwP+BP69KG8tSw1ErmUiHPK5ta5Cy6gRhm6RgP/8g+uWF011kzXG0bOSm\n3bkk05tKq1h32MREz8dATquRlLCKktO0aH7B0WbsjQ/240AVkzfSPTK1nuLplIkh\neF019XlZV8xZGeeK6yi1Zb9VdTiCDEvIKbHFpTYFJljdZLYSAsECggEBAPYegBpQ\n/4HAXO1q4BQSAwT5BEv768Q0SZU6vStH5c3xzJPrNY8wuPQGzCJXp7cdQHhFHXF6\nvvA+H8iiUmR2nok6z7jmok8EHFNJb88wLgLOQ+JlUXtrgnLhjVgk0bQycFm/KaAM\nEBX0br0q5cRtaOoKSBh+EnAOTbP8LDSf+4gLEfo7E71I3pTrxtZbrwos/EPb46ke\nENNzr2CT3VUkpuK/XwI1ncuj1yEcRgqwnazZs8Ydb9uIY9xxgqJlM5+Y3eEjbnR/\nWAtV34bLnWuKO/WoFUVdckDv+4YFmeTWGL0nQgnGSpb3k4+TO+mbJZzPk7gLLq5Z\nH30ikTE/LAIbm4MCggEBAOy70EFZd34jyAnDn5+wiK0bVv+LU0MLbbR8maIsQQ/m\n4mg2CNbRvIqbsELddqe0xHYn9QS50dpd0QkXQdINapdBrCR50kkGaptRulimMUTy\nCe5yrWlbxvRbMkeLUelgCEH+O4+2ta8vX+0Sxh3c3ihLbKlnW+xiPH3ZYuAg6p9h\n8mpw12heh28F/jBWgZjRbCQFEuCQXMEi81ANuz0e9uBK7Ckntq1YYpADH05JQW2e\nK0QBXiISjf2sKC58CMmTTTll2PL+Kb1vjis0tOV375KnYaHnSMz9PpzGgNNBEgww\n2ZliuCLgRHk3auK3wC4qY9Tb2MkqE3qTvJXjTO96vQkCggEAXAAWvr+cYzI3CoCy\n9o2tF0TGeGjZPuSUxPXKFM2xd4R1hq2bvcTmvkF0OTou9WI34T1kvjC2AzQVyXfz\n+J3msUGMuH9uGL9enzuKUhaefGoCMjTReqM7hhoOLe7FfOiF2uZ8dtlLggl3A7tv\nXDfRyfrB7HXkCoMuRKN1Gs7axYXt2G4Q+OauXVitYR+wlMswGWWu+l7Ex2YtHprn\nV5Z107jZmQfVznOWTUg2XnSa3Cwc6WfDknqvaY382Rufan9IIYqPFXksvkABaG/g\njnyD4VZNbTp7JQ8QJI8fcc0ePkbYhrLa2wf83uSYtsBKFQ37GAcGEiI6hRpQz+nf\nV4JeZQKCAQBfwZR6aoLwDe8jK/LMOC8AvldRZHzYWK4WXHQUagwjL4QTHRA0PIAk\nHNeOJGCTc4YoOP9d2v/scRhVsgeYvH6KEjFcS75odWT30HYs14SEW9bykYZdYJc4\nTg8na05FtOeCMiDLf987rlEB5x8mAyoFaITafQlss0u+qAjbmdTthUP2FBC9kcb8\nfJMV4FfphYRViYvaM+qg4M9EaVl8XqMDlKqz9vFoaqDrmae3FeCWQ21Cw77cz16J\n5nIWY2t2hdOtzOmVWINvscjy5w3o57uLOZM/VvtWl3UVGyIO0XpIXhYWehz7VnW8\nBlOAw0zEH7dj6U1mCVP5t/qHMnrzP1VpAoIBAQCcAgsvmpVPB3W2M9gWsFLM7bq3\nzm/Q/W7zwVtyx3Ne/lR2l15v33Cje/BlMYGlUSM9r3K89n8i8ZzW5Gyo1s5rspT9\ncPRpHJyf99cuzGzeUKpUVuDr6frnsXqdSXJlcqMsANWIzpoLbw1r3nVTHqVtGUYV\nKDxUXPeGQfqXqyGxDyFWAJJtUsoGH7VskAY5uHbo5GXBhBshtPPZcPi8lPTfJNZ0\nkOCrrdaKsiDQazARGDt6WIiO7eDscnVESwMrj4GhQiC+yRNjTMrTI3RONV1BaP/m\nF7Qx5s1xgKj1/iuz5B+WxYw5m03v/2nuX/Neu7tklm08v6l1CYnt0YL1VvNA\n-----END RSA PRIVATE KEY-----\n",
            "private_key_pem_pkcs8": "-----BEGIN PRIVATE KEY-----\nMIIJQwIBADANBgkqhkiG9w0BAQEFAASCCS0wggkpAgEAAoICAQDjmK6Xcbwau2Np\nJt3rE1sGe6nPUOCchR5ULrPxE1EWH7tmAOJuy/eEzHKcU/jorefiYQgm7CN2UAsr\nIM4IZJeh8ofM4pIFzsWXJdlVjLNaD6BcMn7+y7Kb3Z5oy4igmRLLFdGxSv/HSDe8\nKP7BDAxhzzv+cks78MK9CCstuGMgTUAPjRNmOHoklF0ZQdICXctL3wF94HEBWw40\n525diJS4dBtdx5FknTWaPQzJcFSPU/On8RhmHZuir9ExuRB7mIqa2bzzsePpccrt\nF4DdIW4FXEOyHCyvwF4hEYNtnDeijoAJ4A3gSiQ0WHzuG75ak70bXkK+jY2VLZ4q\nsAFyGzSw85SxEqsFQqH5Hm1E+ueG0ux5lJ2+bF7sBqp25Pt5tMGVK5ZQdupkCgRa\nwMfAVNGpw5X0qbiysTddqFC3DydhqxDhiveTI2VDElA5AED0/cHz6UK4sBGfQsVX\n7kGPEsoeZq8hQPGtZggTDGe4RaB/rLenzBc26xrtbODyrNL8Cdwwhir/iihUX0la\nAtrUm6oEzoAWLoOjh01Lsl6IG+WX7zmndaGZl2ZOtevf4HsYCoegA21KWn4IQ60H\nwGvsbdsFW51PlTHOPuga0JOfDZGAdoQivWfZYwqvZ9tmNQMEO6XH38ldIhCfrmPh\npbtm0CtxjydEg4wAGEh5pdFV3jYumwIDAQABAoICAQC8LwZNGjFaOQ6dZxGeyUY+\nOgnR7SGKyVambGdEMaCeFmawlJKk4ekq2JD7SUNJwGE3ANvost8veEeDxYAV2Ha3\n5Pz8H2p1et5Nd3IYFlpFYR5KnUX8DxkDX18XbxLtFyQ+3y+e1FBgygmrfooFvJyQ\nUvVcEcy7JvsdqZ9qEkeD8dvB//fGUXRMwo+nzpCCfGMXvLBTEDzfzhYVEDZlCAVP\n7lCiXdyNwJ8NhOUJueNxDw0sE2EFLf39qjniTw6d4ybXmqltJe04nGoZV5GpRXbe\n38bpgfpA52HtHbn562zk78ZWY/eVODhvP6sshawC4J0//9RYElq6uhlJWnYXjv8k\nsUQpq6a9+dlTjY+NNqIRMrr/b5c2hroitQihxFKT4DZ5/UtjQK9EweKOJFE9sVVL\nSSSgw8/A6BgjCdu1aELHdu30lG+bRcYkQbH3MGIQn4kFeLLmJHy2OOrcZDpBC46T\nexYdVmfeBV44XKI/0/L6okvS1N8M4Ulo+u0T0C1EAxHA/4E/r0oby1LDUSuZSIc8\nrm1rkLLqBGGbpGA//yD65YXTXWTNcbRs5KbduSTTm0qrWHfYxETPx0BOq5GUsIqS\n07RofsHRZuyND/bjQBWTN9I9MrWe4umUiSF4XTX1eVlXzFkZ54rrKLVlv1V1OIIM\nS8gpscWlNgUmWN1kthICwQKCAQEA9h6AGlD/gcBc7WrgFBIDBPkES/vrxDRJlTq9\nK0flzfHMk+s1jzC49AbMIlentx1AeEUdcXq+8D4fyKJSZHaeiTrPuOaiTwQcU0lv\nzzAuAs5D4mVRe2uCcuGNWCTRtDJwWb8poAwQFfRuvSrlxG1o6gpIGH4ScA5Ns/ws\nNJ/7iAsR+jsTvUjelOvG1luvCiz8Q9vjqR4Q03OvYJPdVSSm4r9fAjWdy6PXIRxG\nCrCdrNmzxh1v24hj3HGComUzn5jd4SNudH9YC1Xfhsuda4o79agVRV1yQO/7hgWZ\n5NYYvSdCCcZKlveTj5M76ZslnM+TuAsurlkffSKRMT8sAhubgwKCAQEA7LvQQVl3\nfiPICcOfn7CIrRtW/4tTQwtttHyZoixBD+biaDYI1tG8ipuwQt12p7TEdif1BLnR\n2l3RCRdB0g1ql0GsJHnSSQZqm1G6WKYxRPIJ7nKtaVvG9FsyR4tR6WAIQf47j7a1\nry9f7RLGHdzeKEtsqWdb7GI8fdli4CDqn2HyanDXaF6HbwX+MFaBmNFsJAUS4JBc\nwSLzUA27PR724ErsKSe2rVhikAMfTklBbZ4rRAFeIhKN/awoLnwIyZNNOWXY8v4p\nvW+OKzS05XfvkqdhoedIzP0+nMaA00ESDDDZmWK4IuBEeTdq4rfALipj1NvYySoT\nepO8leNM73q9CQKCAQBcABa+v5xjMjcKgLL2ja0XRMZ4aNk+5JTE9coUzbF3hHWG\nrZu9xOa+QXQ5Oi71YjfhPWS+MLYDNBXJd/P4neaxQYy4f24Yv16fO4pSFp58agIy\nNNF6ozuGGg4t7sV86IXa5nx22UuCCXcDu29cN9HJ+sHsdeQKgy5Eo3UaztrFhe3Y\nbhD45q5dWK1hH7CUyzAZZa76XsTHZi0emudXlnXTuNmZB9XOc5ZNSDZedJrcLBzp\nZ8OSeq9pjfzZG59qf0ghio8VeSy+QAFob+COfIPhVk1tOnslDxAkjx9xzR4+RtiG\nstrbB/ze5Ji2wEoVDfsYBwYSIjqFGlDP6d9Xgl5lAoIBAF/BlHpqgvAN7yMr8sw4\nLwC+V1FkfNhYrhZcdBRqDCMvhBMdEDQ8gCQc144kYJNzhig4/13a/+xxGFWyB5i8\nfooSMVxLvmh1ZPfQdizXhIRb1vKRhl1glzhODydrTkW054IyIMt/3zuuUQHnHyYD\nKgVohNp9CWyzS76oCNuZ1O2FQ/YUEL2Rxvx8kxXgV+mFhFWJi9oz6qDgz0RpWXxe\nowOUqrP28WhqoOuZp7cV4JZDbULDvtzPXonmchZja3aF063M6ZVYg2+xyPLnDejn\nu4s5kz9W+1aXdRUbIg7RekheFhZ6HPtWdbwGU4DDTMQft2PpTWYJU/m3+ocyevM/\nVWkCggEBAJwCCy+alU8HdbYz2BawUszturfOb9D9bvPBW3LHc17+VHaXXm/fcKN7\n8GUxgaVRIz2vcrz2fyLxnNbkbKjWzmuylP1w9GkcnJ/31y7MbN5QqlRW4Ovp+uex\nep1JcmVyoywA1YjOmgtvDWvedVMepW0ZRhUoPFRc94ZB+perIbEPIVYAkm1SygYf\ntWyQBjm4dujkZcGEGyG089lw+LyU9N8k1nSQ4Kut1oqyINBrMBEYO3pYiI7t4Oxy\ndURLAyuPgaFCIL7JE2NMytMjdE41XUFo/+YXtDHmzXGAqPX+K7PkH5bFjDmbTe//\nae5f8167u2SWbTy/qXUJie3RgvVW80A=\n-----END PRIVATE KEY-----\n",
            "public_key_fingerprint_md5": "a6:10:8a:1c:a3:5a:ef:b9:8f:6d:0f:74:ed:11:80:ca",
            "public_key_fingerprint_sha256": "SHA256:J5x1ktuypGTXNae4HEPbM8OvueDUDivtVJAdmCQUCk0",
            "public_key_openssh": "ssh-rsa AAAAB3NzaC1yc2EAAAADAQABAAACAQDjmK6Xcbwau2NpJt3rE1sGe6nPUOCchR5ULrPxE1EWH7tmAOJuy/eEzHKcU/jorefiYQgm7CN2UAsrIM4IZJeh8ofM4pIFzsWXJdlVjLNaD6BcMn7+y7Kb3Z5oy4igmRLLFdGxSv/HSDe8KP7BDAxhzzv+cks78MK9CCstuGMgTUAPjRNmOHoklF0ZQdICXctL3wF94HEBWw40525diJS4dBtdx5FknTWaPQzJcFSPU/On8RhmHZuir9ExuRB7mIqa2bzzsePpccrtF4DdIW4FXEOyHCyvwF4hEYNtnDeijoAJ4A3gSiQ0WHzuG75ak70bXkK+jY2VLZ4qsAFyGzSw85SxEqsFQqH5Hm1E+ueG0ux5lJ2+bF7sBqp25Pt5tMGVK5ZQdupkCgRawMfAVNGpw5X0qbiysTddqFC3DydhqxDhiveTI2VDElA5AED0/cHz6UK4sBGfQsVX7kGPEsoeZq8hQPGtZggTDGe4RaB/rLenzBc26xrtbODyrNL8Cdwwhir/iihUX0laAtrUm6oEzoAWLoOjh01Lsl6IG+WX7zmndaGZl2ZOtevf4HsYCoegA21KWn4IQ60HwGvsbdsFW51PlTHOPuga0JOfDZGAdoQivWfZYwqvZ9tmNQMEO6XH38ldIhCfrmPhpbtm0CtxjydEg4wAGEh5pdFV3jYumw==\n",
            "public_key_pem": "-----BEGIN PUBLIC KEY-----\nMIICIjANBgkqhkiG9w0BAQEFAAOCAg8AMIICCgKCAgEA45iul3G8GrtjaSbd6xNb\nBnupz1DgnIUeVC6z8RNRFh+7ZgDibsv3hMxynFP46K3n4mEIJuwjdlALKyDOCGSX\nofKHzOKSBc7FlyXZVYyzWg+gXDJ+/suym92eaMuIoJkSyxXRsUr/x0g3vCj+wQwM\nYc87/nJLO/DCvQgrLbhjIE1AD40TZjh6JJRdGUHSAl3LS98BfeBxAVsONOduXYiU\nuHQbXceRZJ01mj0MyXBUj1Pzp/EYZh2boq/RMbkQe5iKmtm887Hj6XHK7ReA3SFu\nBVxDshwsr8BeIRGDbZw3oo6ACeAN4EokNFh87hu+WpO9G15Cvo2NlS2eKrABchs0\nsPOUsRKrBUKh+R5tRPrnhtLseZSdvmxe7AaqduT7ebTBlSuWUHbqZAoEWsDHwFTR\nqcOV9Km4srE3XahQtw8nYasQ4Yr3kyNlQxJQOQBA9P3B8+lCuLARn0LFV+5BjxLK\nHmavIUDxrWYIEwxnuEWgf6y3p8wXNusa7Wzg8qzS/AncMIYq/4ooVF9JWgLa1Juq\nBM6AFi6Do4dNS7JeiBvll+85p3WhmZdmTrXr3+B7GAqHoANtSlp+CEOtB8Br7G3b\nBVudT5Uxzj7oGtCTnw2RgHaEIr1n2WMKr2fbZjUDBDulx9/JXSIQn65j4aW7ZtAr\ncY8nRIOMABhIeaXRVd42LpsCAwEAAQ==\n-----END PUBLIC KEY-----\n",
            "rsa_bits": 4096
          },
          "sensitive_attributes": [],
          "create_before_destroy": true
        }
      ]
    },
    {
      "module": "module.compute_instance[\"dynatrace\"]",
      "mode": "data",
      "type": "google_compute_zones",
      "name": "available",
      "provider": "provider[\"registry.terraform.io/hashicorp/google\"]",
      "instances": [
        {
          "schema_version": 0,
          "attributes": {
            "id": "projects/proven-answer-414613/regions/us-west1",
            "names": [
              "us-west1-a",
              "us-west1-b",
              "us-west1-c"
            ],
            "project": "proven-answer-414613",
            "region": "us-west1",
            "status": null
          },
          "sensitive_attributes": []
        }
      ]
    },
    {
      "module": "module.compute_instance[\"dynatrace\"]",
      "mode": "managed",
      "type": "google_compute_instance_from_template",
      "name": "compute_instance",
      "provider": "provider[\"registry.terraform.io/hashicorp/google\"]",
      "instances": [
        {
          "index_key": 0,
          "schema_version": 0,
          "attributes": {
            "advanced_machine_features": [],
            "allow_stopping_for_update": null,
            "attached_disk": [
              {
                "device_name": "disk-0",
                "disk_encryption_key_raw": "",
                "disk_encryption_key_sha256": "",
                "kms_key_self_link": "",
                "mode": "READ_WRITE",
                "source": "https://www.googleapis.com/compute/v1/projects/proven-answer-414613/zones/us-west1-a/disks/disk-0"
              }
            ],
            "boot_disk": [
              {
                "auto_delete": true,
                "device_name": "persistent-disk-0",
                "disk_encryption_key_raw": "",
                "disk_encryption_key_sha256": "",
                "initialize_params": [
                  {
                    "image": "https://www.googleapis.com/compute/v1/projects/centos-cloud/global/images/centos-stream-8-v20221102",
                    "labels": {},
                    "resource_manager_tags": {},
                    "size": 20,
                    "type": "pd-standard"
                  }
                ],
                "kms_key_self_link": "",
                "mode": "READ_WRITE",
                "source": "https://www.googleapis.com/compute/v1/projects/proven-answer-414613/zones/us-west1-a/disks/labs-dynatrace-001"
              }
            ],
            "can_ip_forward": false,
            "confidential_instance_config": [],
            "cpu_platform": "Intel Broadwell",
            "current_status": "RUNNING",
            "deletion_protection": false,
            "description": "",
            "desired_status": null,
            "enable_display": false,
            "guest_accelerator": [],
            "hostname": "",
            "id": "projects/proven-answer-414613/zones/us-west1-a/instances/labs-dynatrace-001",
            "instance_id": "7538527653348886716",
            "label_fingerprint": "AsqOi4UzHaE=",
            "labels": {
              "application": "dynatrace",
              "delete": "false",
              "env": "labs",
              "owner": "sniper"
            },
            "machine_type": "e2-standard-4",
            "metadata": {
              "block-project-ssh-keys": "true",
              "sshKeys": "centos:ssh-rsa AAAAB3NzaC1yc2EAAAADAQABAAACAQDjmK6Xcbwau2NpJt3rE1sGe6nPUOCchR5ULrPxE1EWH7tmAOJuy/eEzHKcU/jorefiYQgm7CN2UAsrIM4IZJeh8ofM4pIFzsWXJdlVjLNaD6BcMn7+y7Kb3Z5oy4igmRLLFdGxSv/HSDe8KP7BDAxhzzv+cks78MK9CCstuGMgTUAPjRNmOHoklF0ZQdICXctL3wF94HEBWw40525diJS4dBtdx5FknTWaPQzJcFSPU/On8RhmHZuir9ExuRB7mIqa2bzzsePpccrtF4DdIW4FXEOyHCyvwF4hEYNtnDeijoAJ4A3gSiQ0WHzuG75ak70bXkK+jY2VLZ4qsAFyGzSw85SxEqsFQqH5Hm1E+ueG0ux5lJ2+bF7sBqp25Pt5tMGVK5ZQdupkCgRawMfAVNGpw5X0qbiysTddqFC3DydhqxDhiveTI2VDElA5AED0/cHz6UK4sBGfQsVX7kGPEsoeZq8hQPGtZggTDGe4RaB/rLenzBc26xrtbODyrNL8Cdwwhir/iihUX0laAtrUm6oEzoAWLoOjh01Lsl6IG+WX7zmndaGZl2ZOtevf4HsYCoegA21KWn4IQ60HwGvsbdsFW51PlTHOPuga0JOfDZGAdoQivWfZYwqvZ9tmNQMEO6XH38ldIhCfrmPhpbtm0CtxjydEg4wAGEh5pdFV3jYumw==\n"
            },
            "metadata_fingerprint": "DHqdBf-CzIc=",
            "metadata_startup_script": null,
            "min_cpu_platform": "",
            "name": "labs-dynatrace-001",
            "network_interface": [
              {
                "access_config": [],
                "alias_ip_range": [],
                "internal_ipv6_prefix_length": 0,
                "ipv6_access_config": [],
                "ipv6_access_type": "",
                "ipv6_address": "",
                "name": "nic0",
                "network": "https://www.googleapis.com/compute/v1/projects/proven-answer-414613/global/networks/default",
                "network_ip": "10.138.0.16",
                "nic_type": "",
                "queue_count": 0,
                "stack_type": "IPV4_ONLY",
                "subnetwork": "https://www.googleapis.com/compute/v1/projects/proven-answer-414613/regions/us-west1/subnetworks/default",
                "subnetwork_project": "proven-answer-414613"
              }
            ],
            "network_performance_config": [],
            "params": null,
            "project": "proven-answer-414613",
            "reservation_affinity": [],
            "resource_policies": [],
            "scheduling": [
              {
                "automatic_restart": true,
                "instance_termination_action": "",
                "local_ssd_recovery_timeout": [],
                "min_node_cpus": 0,
                "node_affinities": [],
                "on_host_maintenance": "MIGRATE",
                "preemptible": false,
                "provisioning_model": "STANDARD"
              }
            ],
            "scratch_disk": [],
            "self_link": "https://www.googleapis.com/compute/v1/projects/proven-answer-414613/zones/us-west1-a/instances/labs-dynatrace-001",
            "service_account": [
              {
                "email": "vm-dynatrace-sa@proven-answer-414613.iam.gserviceaccount.com",
                "scopes": [
                  "https://www.googleapis.com/auth/cloud-platform"
                ]
              }
            ],
            "shielded_instance_config": [
              {
                "enable_integrity_monitoring": true,
                "enable_secure_boot": false,
                "enable_vtpm": true
              }
            ],
            "source_instance_template": "https://www.googleapis.com/compute/v1/projects/proven-answer-414613/global/instanceTemplates/default-instance-template-20240321180251518400000001",
            "tags": [
              "dynatrace"
            ],
            "tags_fingerprint": "ZW3FZNGUBpQ=",
            "timeouts": null,
            "zone": "us-west1-a"
          },
          "sensitive_attributes": [],
          "private": "eyJlMmJmYjczMC1lY2FhLTExZTYtOGY4OC0zNDM2M2JjN2M0YzAiOnsiY3JlYXRlIjoxMjAwMDAwMDAwMDAwLCJkZWxldGUiOjEyMDAwMDAwMDAwMDAsInVwZGF0ZSI6MTIwMDAwMDAwMDAwMH19",
          "dependencies": [
            "module.compute_instance.data.google_compute_zones.available",
            "module.instance_template.google_compute_instance_template.tpl",
            "module.service_accounts.google_billing_account_iam_member.billing_user",
            "module.service_accounts.google_organization_iam_member.billing_user",
            "module.service_accounts.google_organization_iam_member.organization_viewer",
            "module.service_accounts.google_organization_iam_member.xpn_admin",
            "module.service_accounts.google_project_iam_member.project-roles",
            "module.service_accounts.google_service_account.service_accounts",
            "module.service_accounts.google_service_account_key.keys",
            "tls_private_key.private_key_pair"
          ]
        }
      ]
    },
    {
      "module": "module.instance_template[\"dynatrace\"]",
      "mode": "managed",
      "type": "google_compute_instance_template",
      "name": "tpl",
      "provider": "provider[\"registry.terraform.io/hashicorp/google\"]",
      "instances": [
        {
          "schema_version": 1,
          "attributes": {
            "advanced_machine_features": [
              {
                "enable_nested_virtualization": false,
                "threads_per_core": 0,
                "visible_core_count": 0
              }
            ],
            "can_ip_forward": false,
            "confidential_instance_config": [
              {
                "enable_confidential_compute": false
              }
            ],
            "description": "",
            "disk": [
              {
                "auto_delete": true,
                "boot": true,
                "device_name": "persistent-disk-0",
                "disk_encryption_key": [],
                "disk_name": "",
                "disk_size_gb": 20,
                "disk_type": "pd-standard",
                "interface": "SCSI",
                "labels": null,
                "mode": "READ_WRITE",
                "provisioned_iops": 0,
                "resource_policies": null,
                "source": "",
                "source_image": "projects/centos-cloud/global/images/centos-stream-8-v20221102",
                "source_image_encryption_key": [],
                "source_snapshot": "",
                "source_snapshot_encryption_key": [],
                "type": "PERSISTENT"
              },
              {
                "auto_delete": true,
                "boot": false,
                "device_name": "disk-0",
                "disk_encryption_key": [],
                "disk_name": "disk-0",
                "disk_size_gb": 30,
                "disk_type": "pd-standard",
                "interface": "SCSI",
                "labels": null,
                "mode": "READ_WRITE",
                "provisioned_iops": 0,
                "resource_policies": null,
                "source": "",
                "source_image": "",
                "source_image_encryption_key": [],
                "source_snapshot": "",
                "source_snapshot_encryption_key": [],
                "type": "PERSISTENT"
              }
            ],
            "guest_accelerator": [],
            "id": "projects/proven-answer-414613/global/instanceTemplates/default-instance-template-20240321180251518400000001",
            "instance_description": "",
            "labels": {
              "application": "dynatrace",
              "delete": "false",
              "env": "labs",
              "owner": "sniper"
            },
            "machine_type": "e2-standard-4",
            "metadata": {
              "block-project-ssh-keys": "true",
              "sshKeys": "centos:ssh-rsa AAAAB3NzaC1yc2EAAAADAQABAAACAQDjmK6Xcbwau2NpJt3rE1sGe6nPUOCchR5ULrPxE1EWH7tmAOJuy/eEzHKcU/jorefiYQgm7CN2UAsrIM4IZJeh8ofM4pIFzsWXJdlVjLNaD6BcMn7+y7Kb3Z5oy4igmRLLFdGxSv/HSDe8KP7BDAxhzzv+cks78MK9CCstuGMgTUAPjRNmOHoklF0ZQdICXctL3wF94HEBWw40525diJS4dBtdx5FknTWaPQzJcFSPU/On8RhmHZuir9ExuRB7mIqa2bzzsePpccrtF4DdIW4FXEOyHCyvwF4hEYNtnDeijoAJ4A3gSiQ0WHzuG75ak70bXkK+jY2VLZ4qsAFyGzSw85SxEqsFQqH5Hm1E+ueG0ux5lJ2+bF7sBqp25Pt5tMGVK5ZQdupkCgRawMfAVNGpw5X0qbiysTddqFC3DydhqxDhiveTI2VDElA5AED0/cHz6UK4sBGfQsVX7kGPEsoeZq8hQPGtZggTDGe4RaB/rLenzBc26xrtbODyrNL8Cdwwhir/iihUX0laAtrUm6oEzoAWLoOjh01Lsl6IG+WX7zmndaGZl2ZOtevf4HsYCoegA21KWn4IQ60HwGvsbdsFW51PlTHOPuga0JOfDZGAdoQivWfZYwqvZ9tmNQMEO6XH38ldIhCfrmPhpbtm0CtxjydEg4wAGEh5pdFV3jYumw==\n"
            },
            "metadata_fingerprint": "DHqdBf-CzIc=",
            "metadata_startup_script": "",
            "min_cpu_platform": "",
            "name": "default-instance-template-20240321180251518400000001",
            "name_prefix": "default-instance-template-",
            "network_interface": [
              {
                "access_config": [],
                "alias_ip_range": [],
                "internal_ipv6_prefix_length": 0,
                "ipv6_access_config": [],
                "ipv6_access_type": "",
                "ipv6_address": "",
                "name": "nic0",
                "network": "https://www.googleapis.com/compute/v1/projects/proven-answer-414613/global/networks/default",
                "network_ip": "",
                "nic_type": "",
                "queue_count": 0,
                "stack_type": "",
                "subnetwork": "https://www.googleapis.com/compute/v1/projects/proven-answer-414613/regions/us-west1/subnetworks/default",
                "subnetwork_project": "proven-answer-414613"
              }
            ],
            "network_performance_config": [],
            "project": "proven-answer-414613",
            "region": "us-west1",
            "reservation_affinity": [],
            "resource_policies": null,
            "scheduling": [
              {
                "automatic_restart": true,
                "instance_termination_action": "",
                "local_ssd_recovery_timeout": [],
                "min_node_cpus": 0,
                "node_affinities": [],
                "on_host_maintenance": "MIGRATE",
                "preemptible": false,
                "provisioning_model": "STANDARD"
              }
            ],
            "self_link": "https://www.googleapis.com/compute/v1/projects/proven-answer-414613/global/instanceTemplates/default-instance-template-20240321180251518400000001",
            "self_link_unique": "https://www.googleapis.com/compute/v1/projects/proven-answer-414613/global/instanceTemplates/default-instance-template-20240321180251518400000001?uniqueId=2407204949211596962",
            "service_account": [
              {
                "email": "vm-dynatrace-sa@proven-answer-414613.iam.gserviceaccount.com",
                "scopes": [
                  "https://www.googleapis.com/auth/cloud-platform"
                ]
              }
            ],
            "shielded_instance_config": [],
            "tags": [
              "dynatrace"
            ],
            "tags_fingerprint": "",
            "timeouts": null
          },
          "sensitive_attributes": [],
          "private": "eyJlMmJmYjczMC1lY2FhLTExZTYtOGY4OC0zNDM2M2JjN2M0YzAiOnsiY3JlYXRlIjoyNDAwMDAwMDAwMDAsImRlbGV0ZSI6MjQwMDAwMDAwMDAwfSwic2NoZW1hX3ZlcnNpb24iOiIxIn0=",
          "dependencies": [
            "module.service_accounts.google_billing_account_iam_member.billing_user",
            "module.service_accounts.google_organization_iam_member.billing_user",
            "module.service_accounts.google_organization_iam_member.organization_viewer",
            "module.service_accounts.google_organization_iam_member.xpn_admin",
            "module.service_accounts.google_project_iam_member.project-roles",
            "module.service_accounts.google_service_account.service_accounts",
            "module.service_accounts.google_service_account_key.keys",
            "tls_private_key.private_key_pair"
          ],
          "create_before_destroy": true
        }
      ]
    },
    {
      "module": "module.service_accounts[\"dynatrace\"]",
      "mode": "managed",
      "type": "google_project_iam_member",
      "name": "project-roles",
      "provider": "provider[\"registry.terraform.io/hashicorp/google\"]",
      "instances": [
        {
          "index_key": "vm-dynatrace-sa-proven-answer-414613=\u003eroles/compute.instanceAdmin.v1",
          "schema_version": 0,
          "attributes": {
            "condition": [],
            "etag": "BwYUL4KRjzk=",
            "id": "proven-answer-414613/roles/compute.instanceAdmin.v1/serviceAccount:vm-dynatrace-sa@proven-answer-414613.iam.gserviceaccount.com",
            "member": "serviceAccount:vm-dynatrace-sa@proven-answer-414613.iam.gserviceaccount.com",
            "project": "proven-answer-414613",
            "role": "roles/compute.instanceAdmin.v1"
          },
          "sensitive_attributes": [],
          "private": "bnVsbA==",
          "dependencies": [
            "module.service_accounts.google_service_account.service_accounts"
          ],
          "create_before_destroy": true
        },
        {
          "index_key": "vm-dynatrace-sa-proven-answer-414613=\u003eroles/iap.tunnelResourceAccessor",
          "schema_version": 0,
          "attributes": {
            "condition": [],
            "etag": "BwYUL4KRjzk=",
            "id": "proven-answer-414613/roles/iap.tunnelResourceAccessor/serviceAccount:vm-dynatrace-sa@proven-answer-414613.iam.gserviceaccount.com",
            "member": "serviceAccount:vm-dynatrace-sa@proven-answer-414613.iam.gserviceaccount.com",
            "project": "proven-answer-414613",
            "role": "roles/iap.tunnelResourceAccessor"
          },
          "sensitive_attributes": [],
          "private": "bnVsbA==",
          "dependencies": [
            "module.service_accounts.google_service_account.service_accounts"
          ],
          "create_before_destroy": true
        },
        {
          "index_key": "vm-dynatrace-sa-proven-answer-414613=\u003eroles/logging.logWriter",
          "schema_version": 0,
          "attributes": {
            "condition": [],
            "etag": "BwYUL4KRjzk=",
            "id": "proven-answer-414613/roles/logging.logWriter/serviceAccount:vm-dynatrace-sa@proven-answer-414613.iam.gserviceaccount.com",
            "member": "serviceAccount:vm-dynatrace-sa@proven-answer-414613.iam.gserviceaccount.com",
            "project": "proven-answer-414613",
            "role": "roles/logging.logWriter"
          },
          "sensitive_attributes": [],
          "private": "bnVsbA==",
          "dependencies": [
            "module.service_accounts.google_service_account.service_accounts"
          ],
          "create_before_destroy": true
        },
        {
          "index_key": "vm-dynatrace-sa-proven-answer-414613=\u003eroles/monitoring.metricWriter",
          "schema_version": 0,
          "attributes": {
            "condition": [],
            "etag": "BwYUL4KRjzk=",
            "id": "proven-answer-414613/roles/monitoring.metricWriter/serviceAccount:vm-dynatrace-sa@proven-answer-414613.iam.gserviceaccount.com",
            "member": "serviceAccount:vm-dynatrace-sa@proven-answer-414613.iam.gserviceaccount.com",
            "project": "proven-answer-414613",
            "role": "roles/monitoring.metricWriter"
          },
          "sensitive_attributes": [],
          "private": "bnVsbA==",
          "dependencies": [
            "module.service_accounts.google_service_account.service_accounts"
          ],
          "create_before_destroy": true
        }
      ]
    },
    {
      "module": "module.service_accounts[\"dynatrace\"]",
      "mode": "managed",
      "type": "google_service_account",
      "name": "service_accounts",
      "provider": "provider[\"registry.terraform.io/hashicorp/google\"]",
      "instances": [
        {
          "index_key": "vm-dynatrace-sa",
          "schema_version": 0,
          "attributes": {
            "account_id": "vm-dynatrace-sa",
            "description": "",
            "disabled": false,
            "display_name": "Terraform-managed service account",
            "email": "vm-dynatrace-sa@proven-answer-414613.iam.gserviceaccount.com",
            "id": "projects/proven-answer-414613/serviceAccounts/vm-dynatrace-sa@proven-answer-414613.iam.gserviceaccount.com",
            "member": "serviceAccount:vm-dynatrace-sa@proven-answer-414613.iam.gserviceaccount.com",
            "name": "projects/proven-answer-414613/serviceAccounts/vm-dynatrace-sa@proven-answer-414613.iam.gserviceaccount.com",
            "project": "proven-answer-414613",
            "timeouts": null,
            "unique_id": "111925100210434670421"
          },
          "sensitive_attributes": [],
          "private": "eyJlMmJmYjczMC1lY2FhLTExZTYtOGY4OC0zNDM2M2JjN2M0YzAiOnsiY3JlYXRlIjozMDAwMDAwMDAwMDB9fQ==",
          "create_before_destroy": true
        }
      ]
    },
    {
      "module": "module.service_accounts[\"dynatrace\"]",
      "mode": "managed",
      "type": "google_service_account_key",
      "name": "keys",
      "provider": "provider[\"registry.terraform.io/hashicorp/google\"]",
      "instances": []
    }
  ],
  "check_results": null
}
